// !$*UTF8*$!
{
	archiveVersion = 1;
	classes = {
	};
	objectVersion = 54;
	objects = {

/* Begin PBXBuildFile section */
		4D6C5793205FB9BA00DA910E /* Virtusize.swift in Sources */ = {isa = PBXBuildFile; fileRef = 4D6C5792205FB9BA00DA910E /* Virtusize.swift */; };
		4D6C579A205FCBE900DA910E /* VirtusizeAPIRequest.swift in Sources */ = {isa = PBXBuildFile; fileRef = 4D6C5799205FCBE900DA910E /* VirtusizeAPIRequest.swift */; };
		8455FFD42B29A0C500019B1B /* VirtusizeGetSizeItemsParam.swift in Sources */ = {isa = PBXBuildFile; fileRef = 8455FFD32B29A0C500019B1B /* VirtusizeGetSizeItemsParam.swift */; };
		8455FFDD2B29D45A00019B1B /* VirtusizeAuth.xcframework in Frameworks */ = {isa = PBXBuildFile; fileRef = 8455FFDB2B29D45A00019B1B /* VirtusizeAuth.xcframework */; };
		84CF03B92BD7A64A00C08920 /* PrivacyInfo.xcprivacy in Resources */ = {isa = PBXBuildFile; fileRef = 84CF03B82BD7A64A00C08920 /* PrivacyInfo.xcprivacy */; };
		9C0EBA2225BACADD00F1D746 /* VirtusizeProductImage.swift in Sources */ = {isa = PBXBuildFile; fileRef = 9C0EBA2125BACADD00F1D746 /* VirtusizeProductImage.swift */; };
		9C106EB024FCE0C70012EE51 /* VirtusizeInPageStandard.swift in Sources */ = {isa = PBXBuildFile; fileRef = 9C106EAF24FCE0C70012EE51 /* VirtusizeInPageStandard.swift */; };
		9C106EB424FE41EC0012EE51 /* VirtusizeProductImageView.swift in Sources */ = {isa = PBXBuildFile; fileRef = 9C106EB324FE41EC0012EE51 /* VirtusizeProductImageView.swift */; };
		9C106EEE24FF99390012EE51 /* String+Extensions.swift in Sources */ = {isa = PBXBuildFile; fileRef = 9C106EED24FF99390012EE51 /* String+Extensions.swift */; };
		9C11691F2521DEB1006827B9 /* VirtusizeAnyCodable.swift in Sources */ = {isa = PBXBuildFile; fileRef = 9C11691E2521DEB1006827B9 /* VirtusizeAnyCodable.swift */; };
		9C1169342521F270006827B9 /* VirtusizeGetSizeParams.swift in Sources */ = {isa = PBXBuildFile; fileRef = 9C1169332521F270006827B9 /* VirtusizeGetSizeParams.swift */; };
		9C11693E2521F683006827B9 /* VirtusizeGetSizeParamsTests.swift in Sources */ = {isa = PBXBuildFile; fileRef = 9C1169372521F664006827B9 /* VirtusizeGetSizeParamsTests.swift */; };
		9C1BDEA926CC0E7F0020BDA5 /* VirtusizeConfiguration.swift in Sources */ = {isa = PBXBuildFile; fileRef = 9C1BDEA826CC0E7F0020BDA5 /* VirtusizeConfiguration.swift */; };
		9C1BDF6226CC1F640020BDA5 /* VirtusizeAPIServiceTests.swift in Sources */ = {isa = PBXBuildFile; fileRef = 9C1BDF6026CC1F620020BDA5 /* VirtusizeAPIServiceTests.swift */; };
		9C1F83AB25147EF10061B777 /* VirtusizeUserBodyProfileTests.swift in Sources */ = {isa = PBXBuildFile; fileRef = 9C1F83A925147E8F0061B777 /* VirtusizeUserBodyProfileTests.swift */; };
		9C1F83AD25147F4C0061B777 /* VirtusizeUserBodyProfile.swift in Sources */ = {isa = PBXBuildFile; fileRef = 9C1F83AC25147F4C0061B777 /* VirtusizeUserBodyProfile.swift */; };
		9C1F83B5251480FF0061B777 /* TestFixtures.swift in Sources */ = {isa = PBXBuildFile; fileRef = 9C633F27249388EB009C4392 /* TestFixtures.swift */; };
		9C1F83B6251481020061B777 /* ProductTypeFixtures.swift in Sources */ = {isa = PBXBuildFile; fileRef = 9C6DDE2624DB06A50021073A /* ProductTypeFixtures.swift */; };
		9C1F83B7251481040061B777 /* StoreProductFixtures.swift in Sources */ = {isa = PBXBuildFile; fileRef = 9C6DDE3424DD317F0021073A /* StoreProductFixtures.swift */; };
		9C1F83B8251481080061B777 /* UserProductFixtures.swift in Sources */ = {isa = PBXBuildFile; fileRef = 9C90F97C2512FF6C008FEFD6 /* UserProductFixtures.swift */; };
		9C1F83B92514810B0061B777 /* UserBodyProfileFixtures.swift in Sources */ = {isa = PBXBuildFile; fileRef = 9C1F83AE25147FCF0061B777 /* UserBodyProfileFixtures.swift */; };
		9C32A14B250279D00062C11D /* VirtusizeInPageView.swift in Sources */ = {isa = PBXBuildFile; fileRef = 9C32A14A250279D00062C11D /* VirtusizeInPageView.swift */; };
		9C33F699252449E1008DBF41 /* BodyProfileRecommendedSize.swift in Sources */ = {isa = PBXBuildFile; fileRef = 9C33F698252449E1008DBF41 /* BodyProfileRecommendedSize.swift */; };
		9C3506312727CA42003BEF82 /* VirtusizeBundleLoader.swift in Sources */ = {isa = PBXBuildFile; fileRef = 9C3506302727CA42003BEF82 /* VirtusizeBundleLoader.swift */; };
		9C35F9D425F0350B0004E9CD /* README-JP.md in Resources */ = {isa = PBXBuildFile; fileRef = 9CBDF5DD25AFFA0600E42012 /* README-JP.md */; };
		9C35F9D525F0350B0004E9CD /* ROADMAP.md in Resources */ = {isa = PBXBuildFile; fileRef = DF71642421A2818E002C7202 /* ROADMAP.md */; };
		9C35F9D625F0350B0004E9CD /* CHANGES.md in Resources */ = {isa = PBXBuildFile; fileRef = DFB2F0F1219BC40E00A69D1D /* CHANGES.md */; };
		9C35F9D725F0350B0004E9CD /* README.md in Resources */ = {isa = PBXBuildFile; fileRef = DFB2F0EF219BC3D900A69D1D /* README.md */; };
		9C35F9D825F0350B0004E9CD /* VirtusizeAssets.xcassets in Resources */ = {isa = PBXBuildFile; fileRef = 9C35F99C25F02CAD0004E9CD /* VirtusizeAssets.xcassets */; };
		9C35F9DA25F0350B0004E9CD /* NotoSansCJKJP-Bold.otf in Resources */ = {isa = PBXBuildFile; fileRef = 9C35F98D25F02BFD0004E9CD /* NotoSansCJKJP-Bold.otf */; };
		9C35F9DB25F0350B0004E9CD /* NotoSansCJKJP-Regular.otf in Resources */ = {isa = PBXBuildFile; fileRef = 9C35F98C25F02BFD0004E9CD /* NotoSansCJKJP-Regular.otf */; };
		9C35F9DC25F0350B0004E9CD /* NotoSansCJKKR-Bold.otf in Resources */ = {isa = PBXBuildFile; fileRef = 9C35F99125F02BFD0004E9CD /* NotoSansCJKKR-Bold.otf */; };
		9C35F9DD25F0350B0004E9CD /* NotoSansCJKKR-Regular.otf in Resources */ = {isa = PBXBuildFile; fileRef = 9C35F98E25F02BFD0004E9CD /* NotoSansCJKKR-Regular.otf */; };
		9C3DE37725BA9CC70082C140 /* VirtusizeWebViewController.swift in Sources */ = {isa = PBXBuildFile; fileRef = 9C3DE37625BA9CC70082C140 /* VirtusizeWebViewController.swift */; };
		9C4378D7253444F600E8729A /* UserSessionInfo.swift in Sources */ = {isa = PBXBuildFile; fileRef = 9C4378D6253444F600E8729A /* UserSessionInfo.swift */; };
		9C4B38A126BBA84B00B73FE5 /* LICENSE in Resources */ = {isa = PBXBuildFile; fileRef = 9C4B38A026BBA84B00B73FE5 /* LICENSE */; };
		9C4B38A326BBC26300B73FE5 /* VirtusizeButton.swift in Sources */ = {isa = PBXBuildFile; fileRef = 9C4B38A226BBC26200B73FE5 /* VirtusizeButton.swift */; };
		9C4B9D722491EC5D0065808E /* APIEndpointsTests.swift in Sources */ = {isa = PBXBuildFile; fileRef = 9C4B9D712491EC5D0065808E /* APIEndpointsTests.swift */; };
		9C58751C24EF7D2500352474 /* VirtusizeInPageMini.swift in Sources */ = {isa = PBXBuildFile; fileRef = 9C58751B24EF7D2500352474 /* VirtusizeInPageMini.swift */; };
		9C58751E24EF7D5000352474 /* VirtusizeView.swift in Sources */ = {isa = PBXBuildFile; fileRef = 9C58751D24EF7D5000352474 /* VirtusizeView.swift */; };
		9C5956C9247E730A0014DF51 /* VirtusizeOrder.swift in Sources */ = {isa = PBXBuildFile; fileRef = 9C5956C8247E730A0014DF51 /* VirtusizeOrder.swift */; };
		9C5956CD2484F6280014DF51 /* VirtusizeOrderItem.swift in Sources */ = {isa = PBXBuildFile; fileRef = 9C5956CC2484F6280014DF51 /* VirtusizeOrderItem.swift */; };
		9C5956CF2484F9F50014DF51 /* VirtusizeStore.swift in Sources */ = {isa = PBXBuildFile; fileRef = 9C5956CE2484F9F50014DF51 /* VirtusizeStore.swift */; };
		9C633F2624937CCB009C4392 /* APIRequestTests.swift in Sources */ = {isa = PBXBuildFile; fileRef = 9C633F2524937CCB009C4392 /* APIRequestTests.swift */; };
		9C633F2A2493C7ED009C4392 /* VirtusizeProductImageMetaData.swift in Sources */ = {isa = PBXBuildFile; fileRef = 9C633F292493C7ED009C4392 /* VirtusizeProductImageMetaData.swift */; };
		9C6DDE1D24DAE50E0021073A /* VirtusizeProductType.swift in Sources */ = {isa = PBXBuildFile; fileRef = 9C6DDE1C24DAE50E0021073A /* VirtusizeProductType.swift */; };
		9C6DDE2024DB021B0021073A /* VirtusizeProductTypeTests.swift in Sources */ = {isa = PBXBuildFile; fileRef = 9C6DDE1E24DB02180021073A /* VirtusizeProductTypeTests.swift */; };
		9C6DDE2B24DCF2270021073A /* VirtusizeProductCheckData.swift in Sources */ = {isa = PBXBuildFile; fileRef = 9C6DDE2A24DCF2270021073A /* VirtusizeProductCheckData.swift */; };
		9C6DDE2E24DCF2A70021073A /* VirtusizeUserData.swift in Sources */ = {isa = PBXBuildFile; fileRef = 9C6DDE2D24DCF2A70021073A /* VirtusizeUserData.swift */; };
		9C6DDE3324DD31530021073A /* LocalizationTests.swift in Sources */ = {isa = PBXBuildFile; fileRef = 9C6DDE3124DD314B0021073A /* LocalizationTests.swift */; };
		9C787FC925DB793400346F2A /* VirtusizeEventHandler.swift in Sources */ = {isa = PBXBuildFile; fileRef = 9C787FC825DB793400346F2A /* VirtusizeEventHandler.swift */; };
		9C787FCD25DB7A3D00346F2A /* SizeRecommendationType.swift in Sources */ = {isa = PBXBuildFile; fileRef = 9C787FCC25DB7A3D00346F2A /* SizeRecommendationType.swift */; };
		9C84B3FD26C2566B00DDF434 /* VirtusizeViewEventProtocol.swift in Sources */ = {isa = PBXBuildFile; fileRef = 9C84B3FC26C2566B00DDF434 /* VirtusizeViewEventProtocol.swift */; };
		9C84B40126C276CA00DDF434 /* VirtusizeNotification.swift in Sources */ = {isa = PBXBuildFile; fileRef = 9C84B40026C276CA00DDF434 /* VirtusizeNotification.swift */; };
		9C92B3A52CB2DF7F001DD4A2 /* VirtusizeCore.framework in Frameworks */ = {isa = PBXBuildFile; fileRef = 9C92B3A42CB2DF7F001DD4A2 /* VirtusizeCore.framework */; };
		9C969FD124EB5F8A00DD642F /* VirtusizeI18nLocalization.swift in Sources */ = {isa = PBXBuildFile; fileRef = 9C969FD024EB5F8A00DD642F /* VirtusizeI18nLocalization.swift */; };
		9C969FD324EBE0C400DD642F /* DeserializerTests.swift in Sources */ = {isa = PBXBuildFile; fileRef = 9C969FD224EBE0C300DD642F /* DeserializerTests.swift */; };
		9C969FD824EBF71200DD642F /* i18n_en.json in Resources */ = {isa = PBXBuildFile; fileRef = 9C969FD524EBF71200DD642F /* i18n_en.json */; };
		9C969FD924EBF71300DD642F /* i18n_jp.json in Resources */ = {isa = PBXBuildFile; fileRef = 9C969FD624EBF71200DD642F /* i18n_jp.json */; };
		9C969FDA24EBF71300DD642F /* i18n_ko.json in Resources */ = {isa = PBXBuildFile; fileRef = 9C969FD724EBF71200DD642F /* i18n_ko.json */; };
		9C969FDC24EC1DFD00DD642F /* TestUtils.swift in Sources */ = {isa = PBXBuildFile; fileRef = 9C969FDB24EC1DFD00DD642F /* TestUtils.swift */; };
		9CA6820F24BC709300ADA871 /* VirtusizeParamsBuilder.swift in Sources */ = {isa = PBXBuildFile; fileRef = 9CA6820E24BC709300ADA871 /* VirtusizeParamsBuilder.swift */; };
		9CB0390C24921FDA008CCD84 /* APIEventTests.swift in Sources */ = {isa = PBXBuildFile; fileRef = 9CB0390B24921FDA008CCD84 /* APIEventTests.swift */; };
		9CB2DD5D24F4BD24004D4E08 /* Image+Extensions.swift in Sources */ = {isa = PBXBuildFile; fileRef = 9CB2DD5C24F4BD24004D4E08 /* Image+Extensions.swift */; };
		9CB98B9A24B2C5B400C51F20 /* VirtusizeInfoCategory.swift in Sources */ = {isa = PBXBuildFile; fileRef = 9CB98B9524B2C5B400C51F20 /* VirtusizeInfoCategory.swift */; };
		9CB98B9B24B2C5B400C51F20 /* VirtusizeParams.swift in Sources */ = {isa = PBXBuildFile; fileRef = 9CB98B9724B2C5B400C51F20 /* VirtusizeParams.swift */; };
		9CB98B9C24B2C5B400C51F20 /* VirtusizeRegion.swift in Sources */ = {isa = PBXBuildFile; fileRef = 9CB98B9624B2C5B400C51F20 /* VirtusizeRegion.swift */; };
		9CB98B9D24B2C5B400C51F20 /* VirtusizeLanguage.swift in Sources */ = {isa = PBXBuildFile; fileRef = 9CB98B9424B2C5B400C51F20 /* VirtusizeLanguage.swift */; };
		9CBDF5D425AFEE6300E42012 /* VirtusizeAssets.swift in Sources */ = {isa = PBXBuildFile; fileRef = 9CBDF5D325AFEE6300E42012 /* VirtusizeAssets.swift */; };
		9CC2A3962685960400FF0864 /* VirtusizeFlutterReposiory.swift in Sources */ = {isa = PBXBuildFile; fileRef = 9CC2A3952685960400FF0864 /* VirtusizeFlutterReposiory.swift */; };
		9CE6CA7D2744F6B700AAFF20 /* VirtusizeExports.swift in Sources */ = {isa = PBXBuildFile; fileRef = 9CE6CA7C2744F6B700AAFF20 /* VirtusizeExports.swift */; };
		9CE7785824B3794500E4A127 /* Localization.swift in Sources */ = {isa = PBXBuildFile; fileRef = 9CE7785724B3794500E4A127 /* Localization.swift */; };
		9CE7786C24B4121E00E4A127 /* Virtusize.h in Headers */ = {isa = PBXBuildFile; fileRef = 9CE7786A24B4121E00E4A127 /* Virtusize.h */; settings = {ATTRIBUTES = (Public, ); }; };
		9CEAB7B024D930F000F969E1 /* VirtusizeBrandSizing.swift in Sources */ = {isa = PBXBuildFile; fileRef = 9CEAB7AF24D930F000F969E1 /* VirtusizeBrandSizing.swift */; };
		9CEAB7B624D93EC400F969E1 /* VirtusizeBrandSizingTests.swift in Sources */ = {isa = PBXBuildFile; fileRef = 9CEAB7B424D93D4100F969E1 /* VirtusizeBrandSizingTests.swift */; };
		9CEAB7B824D940CE00F969E1 /* VirtusizeServerProductAdditionalInfo.swift in Sources */ = {isa = PBXBuildFile; fileRef = 9CEAB7B724D940CE00F969E1 /* VirtusizeServerProductAdditionalInfo.swift */; };
		9CEAB7BB24D9425600F969E1 /* VirtusizeServerProductAdditionalInfoTests.swift in Sources */ = {isa = PBXBuildFile; fileRef = 9CEAB7B924D941F800F969E1 /* VirtusizeServerProductAdditionalInfoTests.swift */; };
		9CEAB7BD24D943F400F969E1 /* VirtusizeServerProductMeta.swift in Sources */ = {isa = PBXBuildFile; fileRef = 9CEAB7BC24D943F400F969E1 /* VirtusizeServerProductMeta.swift */; };
		9CEAB7C024D9582E00F969E1 /* VirtusizeServerProductMetaTests.swift in Sources */ = {isa = PBXBuildFile; fileRef = 9CEAB7BE24D9560D00F969E1 /* VirtusizeServerProductMetaTests.swift */; };
		9CEAB7C424D95A8100F969E1 /* VirtusizeProductSize.swift in Sources */ = {isa = PBXBuildFile; fileRef = 9CEAB7C324D95A8100F969E1 /* VirtusizeProductSize.swift */; };
		9CEAB7C724D95CFF00F969E1 /* VirtusizeProductSizeTests.swift in Sources */ = {isa = PBXBuildFile; fileRef = 9CEAB7C524D95CFD00F969E1 /* VirtusizeProductSizeTests.swift */; };
		9CEAB7C924D9676200F969E1 /* VirtusizeServerProduct.swift in Sources */ = {isa = PBXBuildFile; fileRef = 9CEAB7C824D9676200F969E1 /* VirtusizeServerProduct.swift */; };
		9CEAB7CC24D967BA00F969E1 /* VirtusizeServerProductTests.swift in Sources */ = {isa = PBXBuildFile; fileRef = 9CEAB7CA24D967B800F969E1 /* VirtusizeServerProductTests.swift */; };
		9CEC8D852529CF58001CBDFB /* FindBestFitHelper.swift in Sources */ = {isa = PBXBuildFile; fileRef = 9CEC8D842529CF58001CBDFB /* FindBestFitHelper.swift */; };
		9CEC8D8C252AB963001CBDFB /* ProductComparisonFitInfo.swift in Sources */ = {isa = PBXBuildFile; fileRef = 9CEC8D8B252AB963001CBDFB /* ProductComparisonFitInfo.swift */; };
		9CEC8D93252AC606001CBDFB /* FindBestFitHelperTests.swift in Sources */ = {isa = PBXBuildFile; fileRef = 9CEC8D8F252AC54F001CBDFB /* FindBestFitHelperTests.swift */; };
		9CEC8D99252B1986001CBDFB /* SizeComparisonRecommendedSize.swift in Sources */ = {isa = PBXBuildFile; fileRef = 9CEC8D98252B1986001CBDFB /* SizeComparisonRecommendedSize.swift */; };
		9CF1A9AE2CB421F1005D6F86 /* VirtusizeStoreRepository.swift in Sources */ = {isa = PBXBuildFile; fileRef = 9CF1A9AD2CB421F1005D6F86 /* VirtusizeStoreRepository.swift */; };
		9CF77B9926CBBF7A0019889E /* Virtusize.podspec in Resources */ = {isa = PBXBuildFile; fileRef = 9CF77B9726CBBF7A0019889E /* Virtusize.podspec */; };
		9CF77B9F26CBC01B0019889E /* Base64ImageString.swift in Sources */ = {isa = PBXBuildFile; fileRef = 9CF77B9D26CBC01B0019889E /* Base64ImageString.swift */; };
		9CF77BA026CBC01B0019889E /* Colors.swift in Sources */ = {isa = PBXBuildFile; fileRef = 9CF77B9E26CBC01B0019889E /* Colors.swift */; };
		9CF9666A24F41191001D3458 /* Font.swift in Sources */ = {isa = PBXBuildFile; fileRef = 9CF9666924F41191001D3458 /* Font.swift */; };
		9CFF40A125B5BAD500B21D4E /* VirtusizeAPIService.swift in Sources */ = {isa = PBXBuildFile; fileRef = 9CFF40A025B5BAD500B21D4E /* VirtusizeAPIService.swift */; };
		9CFF40C925B5C9D500B21D4E /* VirtusizeRepository.swift in Sources */ = {isa = PBXBuildFile; fileRef = 9CFF40C825B5C9D500B21D4E /* VirtusizeRepository.swift */; };
		9CFF40F025B940D100B21D4E /* VirtusizeEventName.swift in Sources */ = {isa = PBXBuildFile; fileRef = 9CFF40EF25B940D100B21D4E /* VirtusizeEventName.swift */; };
		9CFF40FC25B974D200B21D4E /* VirtusizeViewStyle.swift in Sources */ = {isa = PBXBuildFile; fileRef = 9CFF40FB25B974D200B21D4E /* VirtusizeViewStyle.swift */; };
		9CFF410D25B98D4E00B21D4E /* VirtusizeInPageStandardViewModel.swift in Sources */ = {isa = PBXBuildFile; fileRef = 9CFF410C25B98D4E00B21D4E /* VirtusizeInPageStandardViewModel.swift */; };
		9CFF411325B98FA900B21D4E /* Observable.swift in Sources */ = {isa = PBXBuildFile; fileRef = 9CFF411225B98FA900B21D4E /* Observable.swift */; };
		DF71642A21A28858002C7202 /* VirtusizeEvent.swift in Sources */ = {isa = PBXBuildFile; fileRef = DF71642921A28858002C7202 /* VirtusizeEvent.swift */; };
		DF71642C21A28939002C7202 /* VirtusizeEnvironment.swift in Sources */ = {isa = PBXBuildFile; fileRef = DF71642B21A28939002C7202 /* VirtusizeEnvironment.swift */; };
		DF71642E21A28DE8002C7202 /* VirtusizeProduct.swift in Sources */ = {isa = PBXBuildFile; fileRef = DF71642D21A28DE8002C7202 /* VirtusizeProduct.swift */; };
		DFFAA95A21A2DF19000F0F70 /* Deserializer.swift in Sources */ = {isa = PBXBuildFile; fileRef = DFFAA95921A2DF19000F0F70 /* Deserializer.swift */; };
		DFFAA95C21A39A75000F0F70 /* APIEvent.swift in Sources */ = {isa = PBXBuildFile; fileRef = DFFAA95B21A39A75000F0F70 /* APIEvent.swift */; };
		DFFAA95E21A39AC0000F0F70 /* APIEndpoints.swift in Sources */ = {isa = PBXBuildFile; fileRef = DFFAA95D21A39AC0000F0F70 /* APIEndpoints.swift */; };
/* End PBXBuildFile section */

/* Begin PBXContainerItemProxy section */
		4DED8D27205755C3001CA7DF /* PBXContainerItemProxy */ = {
			isa = PBXContainerItemProxy;
			containerPortal = 4DED8D13205755C3001CA7DF /* Project object */;
			proxyType = 1;
			remoteGlobalIDString = 4DED8D1B205755C3001CA7DF;
			remoteInfo = Virtusize;
		};
/* End PBXContainerItemProxy section */

/* Begin PBXFileReference section */
		4D6C5792205FB9BA00DA910E /* Virtusize.swift */ = {isa = PBXFileReference; indentWidth = 0; lastKnownFileType = sourcecode.swift; path = Virtusize.swift; sourceTree = "<group>"; };
		4D6C5799205FCBE900DA910E /* VirtusizeAPIRequest.swift */ = {isa = PBXFileReference; lastKnownFileType = sourcecode.swift; path = VirtusizeAPIRequest.swift; sourceTree = "<group>"; };
		4DED8D1C205755C3001CA7DF /* Virtusize.framework */ = {isa = PBXFileReference; explicitFileType = wrapper.framework; includeInIndex = 0; path = Virtusize.framework; sourceTree = BUILT_PRODUCTS_DIR; };
		4DED8D25205755C3001CA7DF /* VirtusizeTests.xctest */ = {isa = PBXFileReference; explicitFileType = wrapper.cfbundle; includeInIndex = 0; path = VirtusizeTests.xctest; sourceTree = BUILT_PRODUCTS_DIR; };
		8455FFD32B29A0C500019B1B /* VirtusizeGetSizeItemsParam.swift */ = {isa = PBXFileReference; lastKnownFileType = sourcecode.swift; path = VirtusizeGetSizeItemsParam.swift; sourceTree = "<group>"; };
		8455FFDB2B29D45A00019B1B /* VirtusizeAuth.xcframework */ = {isa = PBXFileReference; lastKnownFileType = wrapper.xcframework; path = VirtusizeAuth.xcframework; sourceTree = "<group>"; };
		84CF03B82BD7A64A00C08920 /* PrivacyInfo.xcprivacy */ = {isa = PBXFileReference; fileEncoding = 4; lastKnownFileType = text.xml; path = PrivacyInfo.xcprivacy; sourceTree = "<group>"; };
		9C0EBA2125BACADD00F1D746 /* VirtusizeProductImage.swift */ = {isa = PBXFileReference; lastKnownFileType = sourcecode.swift; path = VirtusizeProductImage.swift; sourceTree = "<group>"; };
		9C106EAF24FCE0C70012EE51 /* VirtusizeInPageStandard.swift */ = {isa = PBXFileReference; lastKnownFileType = sourcecode.swift; path = VirtusizeInPageStandard.swift; sourceTree = "<group>"; };
		9C106EB324FE41EC0012EE51 /* VirtusizeProductImageView.swift */ = {isa = PBXFileReference; lastKnownFileType = sourcecode.swift; path = VirtusizeProductImageView.swift; sourceTree = "<group>"; };
		9C106EED24FF99390012EE51 /* String+Extensions.swift */ = {isa = PBXFileReference; lastKnownFileType = sourcecode.swift; path = "String+Extensions.swift"; sourceTree = "<group>"; };
		9C11691E2521DEB1006827B9 /* VirtusizeAnyCodable.swift */ = {isa = PBXFileReference; lastKnownFileType = sourcecode.swift; path = VirtusizeAnyCodable.swift; sourceTree = "<group>"; };
		9C1169332521F270006827B9 /* VirtusizeGetSizeParams.swift */ = {isa = PBXFileReference; lastKnownFileType = sourcecode.swift; path = VirtusizeGetSizeParams.swift; sourceTree = "<group>"; };
		9C1169372521F664006827B9 /* VirtusizeGetSizeParamsTests.swift */ = {isa = PBXFileReference; lastKnownFileType = sourcecode.swift; path = VirtusizeGetSizeParamsTests.swift; sourceTree = "<group>"; };
		9C1BDEA826CC0E7F0020BDA5 /* VirtusizeConfiguration.swift */ = {isa = PBXFileReference; fileEncoding = 4; lastKnownFileType = sourcecode.swift; path = VirtusizeConfiguration.swift; sourceTree = "<group>"; };
		9C1BDF6026CC1F620020BDA5 /* VirtusizeAPIServiceTests.swift */ = {isa = PBXFileReference; fileEncoding = 4; lastKnownFileType = sourcecode.swift; path = VirtusizeAPIServiceTests.swift; sourceTree = "<group>"; };
		9C1F83A925147E8F0061B777 /* VirtusizeUserBodyProfileTests.swift */ = {isa = PBXFileReference; lastKnownFileType = sourcecode.swift; path = VirtusizeUserBodyProfileTests.swift; sourceTree = "<group>"; };
		9C1F83AC25147F4C0061B777 /* VirtusizeUserBodyProfile.swift */ = {isa = PBXFileReference; lastKnownFileType = sourcecode.swift; path = VirtusizeUserBodyProfile.swift; sourceTree = "<group>"; };
		9C1F83AE25147FCF0061B777 /* UserBodyProfileFixtures.swift */ = {isa = PBXFileReference; lastKnownFileType = sourcecode.swift; path = UserBodyProfileFixtures.swift; sourceTree = "<group>"; };
		9C32A14A250279D00062C11D /* VirtusizeInPageView.swift */ = {isa = PBXFileReference; lastKnownFileType = sourcecode.swift; path = VirtusizeInPageView.swift; sourceTree = "<group>"; };
		9C33F698252449E1008DBF41 /* BodyProfileRecommendedSize.swift */ = {isa = PBXFileReference; lastKnownFileType = sourcecode.swift; path = BodyProfileRecommendedSize.swift; sourceTree = "<group>"; };
		9C3506302727CA42003BEF82 /* VirtusizeBundleLoader.swift */ = {isa = PBXFileReference; fileEncoding = 4; lastKnownFileType = sourcecode.swift; path = VirtusizeBundleLoader.swift; sourceTree = "<group>"; };
		9C35F98C25F02BFD0004E9CD /* NotoSansCJKJP-Regular.otf */ = {isa = PBXFileReference; lastKnownFileType = file; path = "NotoSansCJKJP-Regular.otf"; sourceTree = "<group>"; };
		9C35F98D25F02BFD0004E9CD /* NotoSansCJKJP-Bold.otf */ = {isa = PBXFileReference; lastKnownFileType = file; path = "NotoSansCJKJP-Bold.otf"; sourceTree = "<group>"; };
		9C35F98E25F02BFD0004E9CD /* NotoSansCJKKR-Regular.otf */ = {isa = PBXFileReference; lastKnownFileType = file; path = "NotoSansCJKKR-Regular.otf"; sourceTree = "<group>"; };
		9C35F99125F02BFD0004E9CD /* NotoSansCJKKR-Bold.otf */ = {isa = PBXFileReference; lastKnownFileType = file; path = "NotoSansCJKKR-Bold.otf"; sourceTree = "<group>"; };
		9C35F99C25F02CAD0004E9CD /* VirtusizeAssets.xcassets */ = {isa = PBXFileReference; lastKnownFileType = folder.assetcatalog; path = VirtusizeAssets.xcassets; sourceTree = "<group>"; };
		9C3DE37625BA9CC70082C140 /* VirtusizeWebViewController.swift */ = {isa = PBXFileReference; fileEncoding = 4; lastKnownFileType = sourcecode.swift; path = VirtusizeWebViewController.swift; sourceTree = "<group>"; };
		9C4378D6253444F600E8729A /* UserSessionInfo.swift */ = {isa = PBXFileReference; lastKnownFileType = sourcecode.swift; path = UserSessionInfo.swift; sourceTree = "<group>"; };
		9C4B38A026BBA84B00B73FE5 /* LICENSE */ = {isa = PBXFileReference; fileEncoding = 4; lastKnownFileType = text; path = LICENSE; sourceTree = "<group>"; };
		9C4B38A226BBC26200B73FE5 /* VirtusizeButton.swift */ = {isa = PBXFileReference; lastKnownFileType = sourcecode.swift; path = VirtusizeButton.swift; sourceTree = "<group>"; };
		9C4B9D712491EC5D0065808E /* APIEndpointsTests.swift */ = {isa = PBXFileReference; lastKnownFileType = sourcecode.swift; path = APIEndpointsTests.swift; sourceTree = "<group>"; };
		9C58751B24EF7D2500352474 /* VirtusizeInPageMini.swift */ = {isa = PBXFileReference; lastKnownFileType = sourcecode.swift; path = VirtusizeInPageMini.swift; sourceTree = "<group>"; };
		9C58751D24EF7D5000352474 /* VirtusizeView.swift */ = {isa = PBXFileReference; lastKnownFileType = sourcecode.swift; path = VirtusizeView.swift; sourceTree = "<group>"; };
		9C5956C8247E730A0014DF51 /* VirtusizeOrder.swift */ = {isa = PBXFileReference; lastKnownFileType = sourcecode.swift; path = VirtusizeOrder.swift; sourceTree = "<group>"; };
		9C5956CC2484F6280014DF51 /* VirtusizeOrderItem.swift */ = {isa = PBXFileReference; fileEncoding = 4; lastKnownFileType = sourcecode.swift; path = VirtusizeOrderItem.swift; sourceTree = "<group>"; };
		9C5956CE2484F9F50014DF51 /* VirtusizeStore.swift */ = {isa = PBXFileReference; lastKnownFileType = sourcecode.swift; path = VirtusizeStore.swift; sourceTree = "<group>"; };
		9C633F2524937CCB009C4392 /* APIRequestTests.swift */ = {isa = PBXFileReference; lastKnownFileType = sourcecode.swift; path = APIRequestTests.swift; sourceTree = "<group>"; };
		9C633F27249388EB009C4392 /* TestFixtures.swift */ = {isa = PBXFileReference; lastKnownFileType = sourcecode.swift; path = TestFixtures.swift; sourceTree = "<group>"; };
		9C633F292493C7ED009C4392 /* VirtusizeProductImageMetaData.swift */ = {isa = PBXFileReference; lastKnownFileType = sourcecode.swift; path = VirtusizeProductImageMetaData.swift; sourceTree = "<group>"; };
		9C6DDE1C24DAE50E0021073A /* VirtusizeProductType.swift */ = {isa = PBXFileReference; lastKnownFileType = sourcecode.swift; path = VirtusizeProductType.swift; sourceTree = "<group>"; };
		9C6DDE1E24DB02180021073A /* VirtusizeProductTypeTests.swift */ = {isa = PBXFileReference; lastKnownFileType = sourcecode.swift; path = VirtusizeProductTypeTests.swift; sourceTree = "<group>"; };
		9C6DDE2624DB06A50021073A /* ProductTypeFixtures.swift */ = {isa = PBXFileReference; lastKnownFileType = sourcecode.swift; path = ProductTypeFixtures.swift; sourceTree = "<group>"; };
		9C6DDE2A24DCF2270021073A /* VirtusizeProductCheckData.swift */ = {isa = PBXFileReference; lastKnownFileType = sourcecode.swift; path = VirtusizeProductCheckData.swift; sourceTree = "<group>"; };
		9C6DDE2D24DCF2A70021073A /* VirtusizeUserData.swift */ = {isa = PBXFileReference; lastKnownFileType = sourcecode.swift; path = VirtusizeUserData.swift; sourceTree = "<group>"; };
		9C6DDE3124DD314B0021073A /* LocalizationTests.swift */ = {isa = PBXFileReference; lastKnownFileType = sourcecode.swift; path = LocalizationTests.swift; sourceTree = "<group>"; };
		9C6DDE3424DD317F0021073A /* StoreProductFixtures.swift */ = {isa = PBXFileReference; lastKnownFileType = sourcecode.swift; path = StoreProductFixtures.swift; sourceTree = "<group>"; };
		9C787FC825DB793400346F2A /* VirtusizeEventHandler.swift */ = {isa = PBXFileReference; lastKnownFileType = sourcecode.swift; path = VirtusizeEventHandler.swift; sourceTree = "<group>"; };
		9C787FCC25DB7A3D00346F2A /* SizeRecommendationType.swift */ = {isa = PBXFileReference; lastKnownFileType = sourcecode.swift; path = SizeRecommendationType.swift; sourceTree = "<group>"; };
		9C84B3FC26C2566B00DDF434 /* VirtusizeViewEventProtocol.swift */ = {isa = PBXFileReference; lastKnownFileType = sourcecode.swift; path = VirtusizeViewEventProtocol.swift; sourceTree = "<group>"; };
		9C84B40026C276CA00DDF434 /* VirtusizeNotification.swift */ = {isa = PBXFileReference; lastKnownFileType = sourcecode.swift; path = VirtusizeNotification.swift; sourceTree = "<group>"; };
		9C90F97C2512FF6C008FEFD6 /* UserProductFixtures.swift */ = {isa = PBXFileReference; lastKnownFileType = sourcecode.swift; path = UserProductFixtures.swift; sourceTree = "<group>"; };
		9C92B3A42CB2DF7F001DD4A2 /* VirtusizeCore.framework */ = {isa = PBXFileReference; explicitFileType = wrapper.framework; path = VirtusizeCore.framework; sourceTree = BUILT_PRODUCTS_DIR; };
		9C969FD024EB5F8A00DD642F /* VirtusizeI18nLocalization.swift */ = {isa = PBXFileReference; lastKnownFileType = sourcecode.swift; path = VirtusizeI18nLocalization.swift; sourceTree = "<group>"; };
		9C969FD224EBE0C300DD642F /* DeserializerTests.swift */ = {isa = PBXFileReference; lastKnownFileType = sourcecode.swift; path = DeserializerTests.swift; sourceTree = "<group>"; };
		9C969FD524EBF71200DD642F /* i18n_en.json */ = {isa = PBXFileReference; fileEncoding = 4; lastKnownFileType = text.json; path = i18n_en.json; sourceTree = "<group>"; };
		9C969FD624EBF71200DD642F /* i18n_jp.json */ = {isa = PBXFileReference; fileEncoding = 4; lastKnownFileType = text.json; path = i18n_jp.json; sourceTree = "<group>"; };
		9C969FD724EBF71200DD642F /* i18n_ko.json */ = {isa = PBXFileReference; fileEncoding = 4; lastKnownFileType = text.json; path = i18n_ko.json; sourceTree = "<group>"; };
		9C969FDB24EC1DFD00DD642F /* TestUtils.swift */ = {isa = PBXFileReference; lastKnownFileType = sourcecode.swift; path = TestUtils.swift; sourceTree = "<group>"; };
		9CA6820E24BC709300ADA871 /* VirtusizeParamsBuilder.swift */ = {isa = PBXFileReference; lastKnownFileType = sourcecode.swift; path = VirtusizeParamsBuilder.swift; sourceTree = "<group>"; };
		9CB0390B24921FDA008CCD84 /* APIEventTests.swift */ = {isa = PBXFileReference; lastKnownFileType = sourcecode.swift; path = APIEventTests.swift; sourceTree = "<group>"; };
		9CB2DD5C24F4BD24004D4E08 /* Image+Extensions.swift */ = {isa = PBXFileReference; lastKnownFileType = sourcecode.swift; path = "Image+Extensions.swift"; sourceTree = "<group>"; };
		9CB98B9424B2C5B400C51F20 /* VirtusizeLanguage.swift */ = {isa = PBXFileReference; lastKnownFileType = sourcecode.swift; path = VirtusizeLanguage.swift; sourceTree = "<group>"; };
		9CB98B9524B2C5B400C51F20 /* VirtusizeInfoCategory.swift */ = {isa = PBXFileReference; lastKnownFileType = sourcecode.swift; path = VirtusizeInfoCategory.swift; sourceTree = "<group>"; };
		9CB98B9624B2C5B400C51F20 /* VirtusizeRegion.swift */ = {isa = PBXFileReference; lastKnownFileType = sourcecode.swift; path = VirtusizeRegion.swift; sourceTree = "<group>"; };
		9CB98B9724B2C5B400C51F20 /* VirtusizeParams.swift */ = {isa = PBXFileReference; lastKnownFileType = sourcecode.swift; path = VirtusizeParams.swift; sourceTree = "<group>"; };
		9CBDF5D325AFEE6300E42012 /* VirtusizeAssets.swift */ = {isa = PBXFileReference; lastKnownFileType = sourcecode.swift; path = VirtusizeAssets.swift; sourceTree = "<group>"; };
		9CBDF5DD25AFFA0600E42012 /* README-JP.md */ = {isa = PBXFileReference; fileEncoding = 4; lastKnownFileType = net.daringfireball.markdown; path = "README-JP.md"; sourceTree = "<group>"; };
		9CC2A3952685960400FF0864 /* VirtusizeFlutterReposiory.swift */ = {isa = PBXFileReference; lastKnownFileType = sourcecode.swift; path = VirtusizeFlutterReposiory.swift; sourceTree = "<group>"; };
		9CE6CA7C2744F6B700AAFF20 /* VirtusizeExports.swift */ = {isa = PBXFileReference; lastKnownFileType = sourcecode.swift; path = VirtusizeExports.swift; sourceTree = "<group>"; };
		9CE7785724B3794500E4A127 /* Localization.swift */ = {isa = PBXFileReference; lastKnownFileType = sourcecode.swift; path = Localization.swift; sourceTree = "<group>"; };
		9CE7786A24B4121E00E4A127 /* Virtusize.h */ = {isa = PBXFileReference; fileEncoding = 4; lastKnownFileType = sourcecode.c.h; path = Virtusize.h; sourceTree = "<group>"; };
		9CEAB7AF24D930F000F969E1 /* VirtusizeBrandSizing.swift */ = {isa = PBXFileReference; lastKnownFileType = sourcecode.swift; path = VirtusizeBrandSizing.swift; sourceTree = "<group>"; };
		9CEAB7B424D93D4100F969E1 /* VirtusizeBrandSizingTests.swift */ = {isa = PBXFileReference; lastKnownFileType = sourcecode.swift; path = VirtusizeBrandSizingTests.swift; sourceTree = "<group>"; };
		9CEAB7B724D940CE00F969E1 /* VirtusizeServerProductAdditionalInfo.swift */ = {isa = PBXFileReference; lastKnownFileType = sourcecode.swift; path = VirtusizeServerProductAdditionalInfo.swift; sourceTree = "<group>"; };
		9CEAB7B924D941F800F969E1 /* VirtusizeServerProductAdditionalInfoTests.swift */ = {isa = PBXFileReference; lastKnownFileType = sourcecode.swift; path = VirtusizeServerProductAdditionalInfoTests.swift; sourceTree = "<group>"; };
		9CEAB7BC24D943F400F969E1 /* VirtusizeServerProductMeta.swift */ = {isa = PBXFileReference; lastKnownFileType = sourcecode.swift; path = VirtusizeServerProductMeta.swift; sourceTree = "<group>"; };
		9CEAB7BE24D9560D00F969E1 /* VirtusizeServerProductMetaTests.swift */ = {isa = PBXFileReference; lastKnownFileType = sourcecode.swift; path = VirtusizeServerProductMetaTests.swift; sourceTree = "<group>"; };
		9CEAB7C324D95A8100F969E1 /* VirtusizeProductSize.swift */ = {isa = PBXFileReference; lastKnownFileType = sourcecode.swift; path = VirtusizeProductSize.swift; sourceTree = "<group>"; };
		9CEAB7C524D95CFD00F969E1 /* VirtusizeProductSizeTests.swift */ = {isa = PBXFileReference; lastKnownFileType = sourcecode.swift; path = VirtusizeProductSizeTests.swift; sourceTree = "<group>"; };
		9CEAB7C824D9676200F969E1 /* VirtusizeServerProduct.swift */ = {isa = PBXFileReference; lastKnownFileType = sourcecode.swift; path = VirtusizeServerProduct.swift; sourceTree = "<group>"; };
		9CEAB7CA24D967B800F969E1 /* VirtusizeServerProductTests.swift */ = {isa = PBXFileReference; lastKnownFileType = sourcecode.swift; path = VirtusizeServerProductTests.swift; sourceTree = "<group>"; };
		9CEC8D842529CF58001CBDFB /* FindBestFitHelper.swift */ = {isa = PBXFileReference; lastKnownFileType = sourcecode.swift; path = FindBestFitHelper.swift; sourceTree = "<group>"; };
		9CEC8D8B252AB963001CBDFB /* ProductComparisonFitInfo.swift */ = {isa = PBXFileReference; lastKnownFileType = sourcecode.swift; path = ProductComparisonFitInfo.swift; sourceTree = "<group>"; };
		9CEC8D8F252AC54F001CBDFB /* FindBestFitHelperTests.swift */ = {isa = PBXFileReference; lastKnownFileType = sourcecode.swift; path = FindBestFitHelperTests.swift; sourceTree = "<group>"; };
		9CEC8D98252B1986001CBDFB /* SizeComparisonRecommendedSize.swift */ = {isa = PBXFileReference; lastKnownFileType = sourcecode.swift; path = SizeComparisonRecommendedSize.swift; sourceTree = "<group>"; };
		9CF1A9AD2CB421F1005D6F86 /* VirtusizeStoreRepository.swift */ = {isa = PBXFileReference; lastKnownFileType = sourcecode.swift; path = VirtusizeStoreRepository.swift; sourceTree = "<group>"; };
		9CF77B9726CBBF7A0019889E /* Virtusize.podspec */ = {isa = PBXFileReference; explicitFileType = text.script.ruby; fileEncoding = 4; path = Virtusize.podspec; sourceTree = "<group>"; xcLanguageSpecificationIdentifier = xcode.lang.ruby; };
		9CF77B9B26CBBFCB0019889E /* Info.plist */ = {isa = PBXFileReference; fileEncoding = 4; lastKnownFileType = text.plist.xml; path = Info.plist; sourceTree = "<group>"; };
		9CF77B9D26CBC01B0019889E /* Base64ImageString.swift */ = {isa = PBXFileReference; fileEncoding = 4; lastKnownFileType = sourcecode.swift; name = Base64ImageString.swift; path = Sources/Internal/Constants/Base64ImageString.swift; sourceTree = "<group>"; };
		9CF77B9E26CBC01B0019889E /* Colors.swift */ = {isa = PBXFileReference; fileEncoding = 4; lastKnownFileType = sourcecode.swift; name = Colors.swift; path = Sources/Internal/Constants/Colors.swift; sourceTree = "<group>"; };
		9CF9666924F41191001D3458 /* Font.swift */ = {isa = PBXFileReference; lastKnownFileType = sourcecode.swift; path = Font.swift; sourceTree = "<group>"; };
		9CFF40A025B5BAD500B21D4E /* VirtusizeAPIService.swift */ = {isa = PBXFileReference; lastKnownFileType = sourcecode.swift; path = VirtusizeAPIService.swift; sourceTree = "<group>"; };
		9CFF40C825B5C9D500B21D4E /* VirtusizeRepository.swift */ = {isa = PBXFileReference; fileEncoding = 4; lastKnownFileType = sourcecode.swift; path = VirtusizeRepository.swift; sourceTree = "<group>"; };
		9CFF40EF25B940D100B21D4E /* VirtusizeEventName.swift */ = {isa = PBXFileReference; lastKnownFileType = sourcecode.swift; path = VirtusizeEventName.swift; sourceTree = "<group>"; };
		9CFF40FB25B974D200B21D4E /* VirtusizeViewStyle.swift */ = {isa = PBXFileReference; lastKnownFileType = sourcecode.swift; path = VirtusizeViewStyle.swift; sourceTree = "<group>"; };
		9CFF410C25B98D4E00B21D4E /* VirtusizeInPageStandardViewModel.swift */ = {isa = PBXFileReference; lastKnownFileType = sourcecode.swift; path = VirtusizeInPageStandardViewModel.swift; sourceTree = "<group>"; };
		9CFF411225B98FA900B21D4E /* Observable.swift */ = {isa = PBXFileReference; lastKnownFileType = sourcecode.swift; path = Observable.swift; sourceTree = "<group>"; };
		DF71642421A2818E002C7202 /* ROADMAP.md */ = {isa = PBXFileReference; fileEncoding = 4; lastKnownFileType = net.daringfireball.markdown; path = ROADMAP.md; sourceTree = "<group>"; };
		DF71642921A28858002C7202 /* VirtusizeEvent.swift */ = {isa = PBXFileReference; lastKnownFileType = sourcecode.swift; path = VirtusizeEvent.swift; sourceTree = "<group>"; };
		DF71642B21A28939002C7202 /* VirtusizeEnvironment.swift */ = {isa = PBXFileReference; lastKnownFileType = sourcecode.swift; path = VirtusizeEnvironment.swift; sourceTree = "<group>"; };
		DF71642D21A28DE8002C7202 /* VirtusizeProduct.swift */ = {isa = PBXFileReference; lastKnownFileType = sourcecode.swift; path = VirtusizeProduct.swift; sourceTree = "<group>"; };
		DFB2F0EF219BC3D900A69D1D /* README.md */ = {isa = PBXFileReference; fileEncoding = 4; lastKnownFileType = net.daringfireball.markdown; path = README.md; sourceTree = "<group>"; };
		DFB2F0F1219BC40E00A69D1D /* CHANGES.md */ = {isa = PBXFileReference; fileEncoding = 4; lastKnownFileType = net.daringfireball.markdown; path = CHANGES.md; sourceTree = "<group>"; };
		DFFAA95921A2DF19000F0F70 /* Deserializer.swift */ = {isa = PBXFileReference; lastKnownFileType = sourcecode.swift; path = Deserializer.swift; sourceTree = "<group>"; };
		DFFAA95B21A39A75000F0F70 /* APIEvent.swift */ = {isa = PBXFileReference; lastKnownFileType = sourcecode.swift; path = APIEvent.swift; sourceTree = "<group>"; };
		DFFAA95D21A39AC0000F0F70 /* APIEndpoints.swift */ = {isa = PBXFileReference; lastKnownFileType = sourcecode.swift; path = APIEndpoints.swift; sourceTree = "<group>"; };
/* End PBXFileReference section */

/* Begin PBXFrameworksBuildPhase section */
		4DED8D18205755C3001CA7DF /* Frameworks */ = {
			isa = PBXFrameworksBuildPhase;
			buildActionMask = 2147483647;
			files = (
				8455FFDD2B29D45A00019B1B /* VirtusizeAuth.xcframework in Frameworks */,
				9C92B3A52CB2DF7F001DD4A2 /* VirtusizeCore.framework in Frameworks */,
			);
			runOnlyForDeploymentPostprocessing = 0;
		};
		4DED8D22205755C3001CA7DF /* Frameworks */ = {
			isa = PBXFrameworksBuildPhase;
			buildActionMask = 2147483647;
			files = (
			);
			runOnlyForDeploymentPostprocessing = 0;
		};
/* End PBXFrameworksBuildPhase section */

/* Begin PBXGroup section */
		4D6C5794205FB9FC00DA910E /* Internal */ = {
			isa = PBXGroup;
			children = (
				9CF1A9AC2CB421CB005D6F86 /* Data */,
				9CEC8D88252AB8EE001CBDFB /* Models */,
				9C106EB524FE424E0012EE51 /* Views */,
				9CE7785624B3791E00E4A127 /* Utils */,
				DFFAA96021A39BA4000F0F70 /* Constants */,
				DFFAA95F21A39B85000F0F70 /* API */,
				DFFAA96121A39BBE000F0F70 /* Workers */,
			);
			path = Internal;
			sourceTree = "<group>";
		};
		4DED8D12205755C3001CA7DF = {
			isa = PBXGroup;
			children = (
				9CF77B9726CBBF7A0019889E /* Virtusize.podspec */,
				4DED8D1E205755C3001CA7DF /* Sources */,
				4DED8D29205755C3001CA7DF /* Tests */,
				8455FFD92B29D45A00019B1B /* Frameworks */,
				4DED8D1D205755C3001CA7DF /* Products */,
				DFB2F0F1219BC40E00A69D1D /* CHANGES.md */,
				9C4B38A026BBA84B00B73FE5 /* LICENSE */,
				9CBDF5DD25AFFA0600E42012 /* README-JP.md */,
				DFB2F0EF219BC3D900A69D1D /* README.md */,
				DF71642421A2818E002C7202 /* ROADMAP.md */,
			);
			sourceTree = "<group>";
		};
		4DED8D1D205755C3001CA7DF /* Products */ = {
			isa = PBXGroup;
			children = (
				4DED8D1C205755C3001CA7DF /* Virtusize.framework */,
				4DED8D25205755C3001CA7DF /* VirtusizeTests.xctest */,
			);
			name = Products;
			sourceTree = "<group>";
		};
		4DED8D1E205755C3001CA7DF /* Sources */ = {
			isa = PBXGroup;
			children = (
				9C01389026AE916A007F5392 /* Flutter */,
				4D6C5794205FB9FC00DA910E /* Internal */,
				DF71642621A284E9002C7202 /* Models */,
				9C35F96625F02AC30004E9CD /* Resources */,
				4DED8D37205757F0001CA7DF /* Supporting Files */,
				DFFAA96321A39BFC000F0F70 /* UI */,
				4D6C5792205FB9BA00DA910E /* Virtusize.swift */,
				9C1BDEA826CC0E7F0020BDA5 /* VirtusizeConfiguration.swift */,
				9C787FC825DB793400346F2A /* VirtusizeEventHandler.swift */,
				9CE6CA7C2744F6B700AAFF20 /* VirtusizeExports.swift */,
				9CFF40C825B5C9D500B21D4E /* VirtusizeRepository.swift */,
			);
			name = Sources;
			path = Virtusize/Sources;
			sourceTree = "<group>";
		};
		4DED8D29205755C3001CA7DF /* Tests */ = {
			isa = PBXGroup;
			children = (
				9CEAB7B324D93D2200F969E1 /* Models */,
				9C4B9D732491FF790065808E /* Internal */,
			);
			name = Tests;
			path = Virtusize/Tests;
			sourceTree = "<group>";
		};
		4DED8D37205757F0001CA7DF /* Supporting Files */ = {
			isa = PBXGroup;
			children = (
				9CF77B9B26CBBFCB0019889E /* Info.plist */,
				9CE7786A24B4121E00E4A127 /* Virtusize.h */,
			);
			name = "Supporting Files";
			sourceTree = "<group>";
		};
		8455FFD92B29D45A00019B1B /* Frameworks */ = {
			isa = PBXGroup;
			children = (
				9C92B3A42CB2DF7F001DD4A2 /* VirtusizeCore.framework */,
				8455FFDB2B29D45A00019B1B /* VirtusizeAuth.xcframework */,
			);
			path = Frameworks;
			sourceTree = "<group>";
		};
		9C01389026AE916A007F5392 /* Flutter */ = {
			isa = PBXGroup;
			children = (
				9CC2A3952685960400FF0864 /* VirtusizeFlutterReposiory.swift */,
			);
			path = Flutter;
			sourceTree = "<group>";
		};
		9C106EB524FE424E0012EE51 /* Views */ = {
			isa = PBXGroup;
			children = (
				9C106EB324FE41EC0012EE51 /* VirtusizeProductImageView.swift */,
			);
			path = Views;
			sourceTree = "<group>";
		};
		9C35F96625F02AC30004E9CD /* Resources */ = {
			isa = PBXGroup;
			children = (
				84CF03B82BD7A64A00C08920 /* PrivacyInfo.xcprivacy */,
				9C35F99C25F02CAD0004E9CD /* VirtusizeAssets.xcassets */,
				9C35F97925F02BA70004E9CD /* Fonts */,
			);
			path = Resources;
			sourceTree = "<group>";
		};
		9C35F97925F02BA70004E9CD /* Fonts */ = {
			isa = PBXGroup;
			children = (
				9C35F98D25F02BFD0004E9CD /* NotoSansCJKJP-Bold.otf */,
				9C35F98C25F02BFD0004E9CD /* NotoSansCJKJP-Regular.otf */,
				9C35F99125F02BFD0004E9CD /* NotoSansCJKKR-Bold.otf */,
				9C35F98E25F02BFD0004E9CD /* NotoSansCJKKR-Regular.otf */,
			);
			path = Fonts;
			sourceTree = "<group>";
		};
		9C4B9D732491FF790065808E /* Internal */ = {
			isa = PBXGroup;
			children = (
				9C969FD424EBE47D00DD642F /* JSON Test Files */,
				9C6DDE3024DD313D0021073A /* Utils */,
				9C6DDE2524DB06840021073A /* Fixtures */,
				9C4B9D742491FF820065808E /* API */,
				9C4B9D752491FF950065808E /* Workers */,
			);
			name = Internal;
			sourceTree = "<group>";
		};
		9C4B9D742491FF820065808E /* API */ = {
			isa = PBXGroup;
			children = (
				9C1BDF6026CC1F620020BDA5 /* VirtusizeAPIServiceTests.swift */,
				9C4B9D712491EC5D0065808E /* APIEndpointsTests.swift */,
				9CB0390B24921FDA008CCD84 /* APIEventTests.swift */,
				9C633F2524937CCB009C4392 /* APIRequestTests.swift */,
			);
			name = API;
			sourceTree = "<group>";
		};
		9C4B9D752491FF950065808E /* Workers */ = {
			isa = PBXGroup;
			children = (
				9CEC8D8F252AC54F001CBDFB /* FindBestFitHelperTests.swift */,
				9C969FD224EBE0C300DD642F /* DeserializerTests.swift */,
			);
			name = Workers;
			sourceTree = "<group>";
		};
		9C6DDE2524DB06840021073A /* Fixtures */ = {
			isa = PBXGroup;
			children = (
				9C633F27249388EB009C4392 /* TestFixtures.swift */,
				9C6DDE2624DB06A50021073A /* ProductTypeFixtures.swift */,
				9C6DDE3424DD317F0021073A /* StoreProductFixtures.swift */,
				9C90F97C2512FF6C008FEFD6 /* UserProductFixtures.swift */,
				9C1F83AE25147FCF0061B777 /* UserBodyProfileFixtures.swift */,
			);
			name = Fixtures;
			sourceTree = "<group>";
		};
		9C6DDE3024DD313D0021073A /* Utils */ = {
			isa = PBXGroup;
			children = (
				9C6DDE3124DD314B0021073A /* LocalizationTests.swift */,
				9C969FDB24EC1DFD00DD642F /* TestUtils.swift */,
			);
			name = Utils;
			sourceTree = "<group>";
		};
		9C969FD424EBE47D00DD642F /* JSON Test Files */ = {
			isa = PBXGroup;
			children = (
				9C969FD524EBF71200DD642F /* i18n_en.json */,
				9C969FD624EBF71200DD642F /* i18n_jp.json */,
				9C969FD724EBF71200DD642F /* i18n_ko.json */,
			);
			name = "JSON Test Files";
			sourceTree = "<group>";
		};
		9CE7785624B3791E00E4A127 /* Utils */ = {
			isa = PBXGroup;
			children = (
				9C3506302727CA42003BEF82 /* VirtusizeBundleLoader.swift */,
				9CE7785724B3794500E4A127 /* Localization.swift */,
				9CF9666924F41191001D3458 /* Font.swift */,
				9CB2DD5C24F4BD24004D4E08 /* Image+Extensions.swift */,
				9C106EED24FF99390012EE51 /* String+Extensions.swift */,
				9CFF411225B98FA900B21D4E /* Observable.swift */,
			);
			path = Utils;
			sourceTree = "<group>";
		};
		9CEAB7B324D93D2200F969E1 /* Models */ = {
			isa = PBXGroup;
			children = (
				9CEAB7B424D93D4100F969E1 /* VirtusizeBrandSizingTests.swift */,
				9CEAB7B924D941F800F969E1 /* VirtusizeServerProductAdditionalInfoTests.swift */,
				9CEAB7BE24D9560D00F969E1 /* VirtusizeServerProductMetaTests.swift */,
				9CEAB7C524D95CFD00F969E1 /* VirtusizeProductSizeTests.swift */,
				9CEAB7CA24D967B800F969E1 /* VirtusizeServerProductTests.swift */,
				9C6DDE1E24DB02180021073A /* VirtusizeProductTypeTests.swift */,
				9C1F83A925147E8F0061B777 /* VirtusizeUserBodyProfileTests.swift */,
				9C1169372521F664006827B9 /* VirtusizeGetSizeParamsTests.swift */,
			);
			name = Models;
			sourceTree = "<group>";
		};
		9CEC8D88252AB8EE001CBDFB /* Models */ = {
			isa = PBXGroup;
			children = (
				9C5956CE2484F9F50014DF51 /* VirtusizeStore.swift */,
				9C11691E2521DEB1006827B9 /* VirtusizeAnyCodable.swift */,
				9C633F292493C7ED009C4392 /* VirtusizeProductImageMetaData.swift */,
				9CEAB7B724D940CE00F969E1 /* VirtusizeServerProductAdditionalInfo.swift */,
				9CEAB7BC24D943F400F969E1 /* VirtusizeServerProductMeta.swift */,
				9CEAB7C324D95A8100F969E1 /* VirtusizeProductSize.swift */,
				9C6DDE2A24DCF2270021073A /* VirtusizeProductCheckData.swift */,
				9C6DDE2D24DCF2A70021073A /* VirtusizeUserData.swift */,
				9C1169332521F270006827B9 /* VirtusizeGetSizeParams.swift */,
				8455FFD32B29A0C500019B1B /* VirtusizeGetSizeItemsParam.swift */,
				9CEAB7AF24D930F000F969E1 /* VirtusizeBrandSizing.swift */,
				9CEC8D8B252AB963001CBDFB /* ProductComparisonFitInfo.swift */,
				9C4378D6253444F600E8729A /* UserSessionInfo.swift */,
				9C0EBA2125BACADD00F1D746 /* VirtusizeProductImage.swift */,
			);
			path = Models;
			sourceTree = "<group>";
		};
		9CF1A9AC2CB421CB005D6F86 /* Data */ = {
			isa = PBXGroup;
			children = (
				9CF1A9AD2CB421F1005D6F86 /* VirtusizeStoreRepository.swift */,
			);
			path = Data;
			sourceTree = "<group>";
		};
		DF71642621A284E9002C7202 /* Models */ = {
			isa = PBXGroup;
			children = (
				9CB98B9524B2C5B400C51F20 /* VirtusizeInfoCategory.swift */,
				9CB98B9424B2C5B400C51F20 /* VirtusizeLanguage.swift */,
				9CB98B9724B2C5B400C51F20 /* VirtusizeParams.swift */,
				9CA6820E24BC709300ADA871 /* VirtusizeParamsBuilder.swift */,
				9CB98B9624B2C5B400C51F20 /* VirtusizeRegion.swift */,
				DF71642921A28858002C7202 /* VirtusizeEvent.swift */,
				9CFF40EF25B940D100B21D4E /* VirtusizeEventName.swift */,
				DF71642B21A28939002C7202 /* VirtusizeEnvironment.swift */,
				9CEAB7C824D9676200F969E1 /* VirtusizeServerProduct.swift */,
				DF71642D21A28DE8002C7202 /* VirtusizeProduct.swift */,
				9C5956C8247E730A0014DF51 /* VirtusizeOrder.swift */,
				9C5956CC2484F6280014DF51 /* VirtusizeOrderItem.swift */,
				9C6DDE1C24DAE50E0021073A /* VirtusizeProductType.swift */,
				9C969FD024EB5F8A00DD642F /* VirtusizeI18nLocalization.swift */,
				9C1F83AC25147F4C0061B777 /* VirtusizeUserBodyProfile.swift */,
				9C33F698252449E1008DBF41 /* BodyProfileRecommendedSize.swift */,
				9CEC8D98252B1986001CBDFB /* SizeComparisonRecommendedSize.swift */,
				9C787FCC25DB7A3D00346F2A /* SizeRecommendationType.swift */,
			);
			path = Models;
			sourceTree = "<group>";
		};
		DFFAA95F21A39B85000F0F70 /* API */ = {
			isa = PBXGroup;
			children = (
				DFFAA95D21A39AC0000F0F70 /* APIEndpoints.swift */,
				DFFAA95B21A39A75000F0F70 /* APIEvent.swift */,
				4D6C5799205FCBE900DA910E /* VirtusizeAPIRequest.swift */,
				9CFF40A025B5BAD500B21D4E /* VirtusizeAPIService.swift */,
			);
			path = API;
			sourceTree = "<group>";
		};
		DFFAA96021A39BA4000F0F70 /* Constants */ = {
			isa = PBXGroup;
			children = (
				9CF77B9D26CBC01B0019889E /* Base64ImageString.swift */,
				9CF77B9E26CBC01B0019889E /* Colors.swift */,
			);
			name = Constants;
			path = ../..;
			sourceTree = "<group>";
		};
		DFFAA96121A39BBE000F0F70 /* Workers */ = {
			isa = PBXGroup;
			children = (
				9CEC8D842529CF58001CBDFB /* FindBestFitHelper.swift */,
				DFFAA95921A2DF19000F0F70 /* Deserializer.swift */,
			);
			path = Workers;
			sourceTree = "<group>";
		};
		DFFAA96321A39BFC000F0F70 /* UI */ = {
			isa = PBXGroup;
			children = (
				9CBDF5D325AFEE6300E42012 /* VirtusizeAssets.swift */,
				9C4B38A226BBC26200B73FE5 /* VirtusizeButton.swift */,
				9C58751B24EF7D2500352474 /* VirtusizeInPageMini.swift */,
				9C106EAF24FCE0C70012EE51 /* VirtusizeInPageStandard.swift */,
				9CFF410C25B98D4E00B21D4E /* VirtusizeInPageStandardViewModel.swift */,
				9C32A14A250279D00062C11D /* VirtusizeInPageView.swift */,
				9C58751D24EF7D5000352474 /* VirtusizeView.swift */,
				9C84B3FC26C2566B00DDF434 /* VirtusizeViewEventProtocol.swift */,
				9CFF40FB25B974D200B21D4E /* VirtusizeViewStyle.swift */,
				9C3DE37625BA9CC70082C140 /* VirtusizeWebViewController.swift */,
				9C84B40026C276CA00DDF434 /* VirtusizeNotification.swift */,
			);
			path = UI;
			sourceTree = "<group>";
		};
/* End PBXGroup section */

/* Begin PBXHeadersBuildPhase section */
		4DED8D19205755C3001CA7DF /* Headers */ = {
			isa = PBXHeadersBuildPhase;
			buildActionMask = 2147483647;
			files = (
				9CE7786C24B4121E00E4A127 /* Virtusize.h in Headers */,
			);
			runOnlyForDeploymentPostprocessing = 0;
		};
/* End PBXHeadersBuildPhase section */

/* Begin PBXNativeTarget section */
		4DED8D1B205755C3001CA7DF /* Virtusize */ = {
			isa = PBXNativeTarget;
			buildConfigurationList = 4DED8D30205755C3001CA7DF /* Build configuration list for PBXNativeTarget "Virtusize" */;
			buildPhases = (
				4DED8D17205755C3001CA7DF /* Sources */,
				4DED8D18205755C3001CA7DF /* Frameworks */,
				4DED8D19205755C3001CA7DF /* Headers */,
				4DED8D1A205755C3001CA7DF /* Resources */,
				DF6B5C91219BD262000B3402 /* ShellScript */,
			);
			buildRules = (
			);
			dependencies = (
			);
			name = Virtusize;
			productName = Virtusize;
			productReference = 4DED8D1C205755C3001CA7DF /* Virtusize.framework */;
			productType = "com.apple.product-type.framework";
		};
		4DED8D24205755C3001CA7DF /* VirtusizeTests */ = {
			isa = PBXNativeTarget;
			buildConfigurationList = 4DED8D33205755C3001CA7DF /* Build configuration list for PBXNativeTarget "VirtusizeTests" */;
			buildPhases = (
				4DED8D21205755C3001CA7DF /* Sources */,
				4DED8D22205755C3001CA7DF /* Frameworks */,
				4DED8D23205755C3001CA7DF /* Resources */,
			);
			buildRules = (
			);
			dependencies = (
				4DED8D28205755C3001CA7DF /* PBXTargetDependency */,
			);
			name = VirtusizeTests;
			productName = VirtusizeTests;
			productReference = 4DED8D25205755C3001CA7DF /* VirtusizeTests.xctest */;
			productType = "com.apple.product-type.bundle.unit-test";
		};
/* End PBXNativeTarget section */

/* Begin PBXProject section */
		4DED8D13205755C3001CA7DF /* Project object */ = {
			isa = PBXProject;
			attributes = {
				BuildIndependentTargetsInParallel = YES;
				LastSwiftUpdateCheck = 1250;
				LastUpgradeCheck = 1500;
				ORGANIZATIONNAME = "Virtusize AB";
				TargetAttributes = {
					4DED8D1B205755C3001CA7DF = {
						CreatedOnToolsVersion = 9.2;
						LastSwiftMigration = 1020;
						ProvisioningStyle = Automatic;
					};
					4DED8D24205755C3001CA7DF = {
						CreatedOnToolsVersion = 9.2;
						LastSwiftMigration = 1020;
						ProvisioningStyle = Automatic;
					};
				};
			};
			buildConfigurationList = 4DED8D16205755C3001CA7DF /* Build configuration list for PBXProject "Virtusize" */;
			compatibilityVersion = "Xcode 8.0";
			developmentRegion = en;
			hasScannedForEncodings = 0;
			knownRegions = (
				en,
				Base,
			);
			mainGroup = 4DED8D12205755C3001CA7DF;
			productRefGroup = 4DED8D1D205755C3001CA7DF /* Products */;
			projectDirPath = "";
			projectRoot = "";
			targets = (
				4DED8D1B205755C3001CA7DF /* Virtusize */,
				4DED8D24205755C3001CA7DF /* VirtusizeTests */,
			);
		};
/* End PBXProject section */

/* Begin PBXResourcesBuildPhase section */
		4DED8D1A205755C3001CA7DF /* Resources */ = {
			isa = PBXResourcesBuildPhase;
			buildActionMask = 2147483647;
			files = (
				9C35F9D425F0350B0004E9CD /* README-JP.md in Resources */,
				9C35F9D525F0350B0004E9CD /* ROADMAP.md in Resources */,
				9CF77B9926CBBF7A0019889E /* Virtusize.podspec in Resources */,
				9C35F9D625F0350B0004E9CD /* CHANGES.md in Resources */,
				9C35F9D725F0350B0004E9CD /* README.md in Resources */,
				9C35F9D825F0350B0004E9CD /* VirtusizeAssets.xcassets in Resources */,
				84CF03B92BD7A64A00C08920 /* PrivacyInfo.xcprivacy in Resources */,
				9C4B38A126BBA84B00B73FE5 /* LICENSE in Resources */,
				9C35F9DA25F0350B0004E9CD /* NotoSansCJKJP-Bold.otf in Resources */,
				9C35F9DB25F0350B0004E9CD /* NotoSansCJKJP-Regular.otf in Resources */,
				9C35F9DC25F0350B0004E9CD /* NotoSansCJKKR-Bold.otf in Resources */,
				9C35F9DD25F0350B0004E9CD /* NotoSansCJKKR-Regular.otf in Resources */,
			);
			runOnlyForDeploymentPostprocessing = 0;
		};
		4DED8D23205755C3001CA7DF /* Resources */ = {
			isa = PBXResourcesBuildPhase;
			buildActionMask = 2147483647;
			files = (
				9C969FDA24EBF71300DD642F /* i18n_ko.json in Resources */,
				9C969FD824EBF71200DD642F /* i18n_en.json in Resources */,
				9C969FD924EBF71300DD642F /* i18n_jp.json in Resources */,
			);
			runOnlyForDeploymentPostprocessing = 0;
		};
/* End PBXResourcesBuildPhase section */

/* Begin PBXShellScriptBuildPhase section */
		DF6B5C91219BD262000B3402 /* ShellScript */ = {
			isa = PBXShellScriptBuildPhase;
			alwaysOutOfDate = 1;
			buildActionMask = 2147483647;
			files = (
			);
			inputFileListPaths = (
			);
			inputPaths = (
			);
			outputFileListPaths = (
			);
			outputPaths = (
			);
			runOnlyForDeploymentPostprocessing = 0;
			shellPath = /bin/sh;
			shellScript = "if [[ \"$(uname -m)\" == arm64 ]]; then\n    export PATH=\"/opt/homebrew/bin:$PATH\"\nfi\n\nif which swiftlint > /dev/null; then\n  swiftlint\nelse\n  echo \"warning: SwiftLint not installed, download from https://github.com/realm/SwiftLint\"\nfi\n";
		};
/* End PBXShellScriptBuildPhase section */

/* Begin PBXSourcesBuildPhase section */
		4DED8D17205755C3001CA7DF /* Sources */ = {
			isa = PBXSourcesBuildPhase;
			buildActionMask = 2147483647;
			files = (
				9CC2A3962685960400FF0864 /* VirtusizeFlutterReposiory.swift in Sources */,
				9CF77B9F26CBC01B0019889E /* Base64ImageString.swift in Sources */,
				9CA6820F24BC709300ADA871 /* VirtusizeParamsBuilder.swift in Sources */,
				9CB98B9C24B2C5B400C51F20 /* VirtusizeRegion.swift in Sources */,
				DFFAA95A21A2DF19000F0F70 /* Deserializer.swift in Sources */,
				DF71642A21A28858002C7202 /* VirtusizeEvent.swift in Sources */,
				9CFF410D25B98D4E00B21D4E /* VirtusizeInPageStandardViewModel.swift in Sources */,
				9C1BDEA926CC0E7F0020BDA5 /* VirtusizeConfiguration.swift in Sources */,
				9CEAB7C424D95A8100F969E1 /* VirtusizeProductSize.swift in Sources */,
				9CFF40F025B940D100B21D4E /* VirtusizeEventName.swift in Sources */,
				9C6DDE1D24DAE50E0021073A /* VirtusizeProductType.swift in Sources */,
				9C4B38A326BBC26300B73FE5 /* VirtusizeButton.swift in Sources */,
				9CEAB7B824D940CE00F969E1 /* VirtusizeServerProductAdditionalInfo.swift in Sources */,
				9C5956CF2484F9F50014DF51 /* VirtusizeStore.swift in Sources */,
				9C5956C9247E730A0014DF51 /* VirtusizeOrder.swift in Sources */,
				9C1169342521F270006827B9 /* VirtusizeGetSizeParams.swift in Sources */,
				9C11691F2521DEB1006827B9 /* VirtusizeAnyCodable.swift in Sources */,
				4D6C579A205FCBE900DA910E /* VirtusizeAPIRequest.swift in Sources */,
				9C106EB024FCE0C70012EE51 /* VirtusizeInPageStandard.swift in Sources */,
				DF71642C21A28939002C7202 /* VirtusizeEnvironment.swift in Sources */,
				9CB2DD5D24F4BD24004D4E08 /* Image+Extensions.swift in Sources */,
				9C1F83B6251481020061B777 /* ProductTypeFixtures.swift in Sources */,
				9C1F83B5251480FF0061B777 /* TestFixtures.swift in Sources */,
				9C1F83B8251481080061B777 /* UserProductFixtures.swift in Sources */,
				9CEAB7B024D930F000F969E1 /* VirtusizeBrandSizing.swift in Sources */,
				9C1F83AD25147F4C0061B777 /* VirtusizeUserBodyProfile.swift in Sources */,
				9C1F83B7251481040061B777 /* StoreProductFixtures.swift in Sources */,
				9CEC8D99252B1986001CBDFB /* SizeComparisonRecommendedSize.swift in Sources */,
				9C787FCD25DB7A3D00346F2A /* SizeRecommendationType.swift in Sources */,
				9C58751C24EF7D2500352474 /* VirtusizeInPageMini.swift in Sources */,
				8455FFD42B29A0C500019B1B /* VirtusizeGetSizeItemsParam.swift in Sources */,
				9CEC8D852529CF58001CBDFB /* FindBestFitHelper.swift in Sources */,
				9CEAB7BD24D943F400F969E1 /* VirtusizeServerProductMeta.swift in Sources */,
				9C32A14B250279D00062C11D /* VirtusizeInPageView.swift in Sources */,
				9C787FC925DB793400346F2A /* VirtusizeEventHandler.swift in Sources */,
				9CFF40FC25B974D200B21D4E /* VirtusizeViewStyle.swift in Sources */,
				9CB98B9D24B2C5B400C51F20 /* VirtusizeLanguage.swift in Sources */,
				9C5956CD2484F6280014DF51 /* VirtusizeOrderItem.swift in Sources */,
				9C633F2A2493C7ED009C4392 /* VirtusizeProductImageMetaData.swift in Sources */,
				9CB98B9A24B2C5B400C51F20 /* VirtusizeInfoCategory.swift in Sources */,
				9C969FD124EB5F8A00DD642F /* VirtusizeI18nLocalization.swift in Sources */,
				9C33F699252449E1008DBF41 /* BodyProfileRecommendedSize.swift in Sources */,
				9C84B40126C276CA00DDF434 /* VirtusizeNotification.swift in Sources */,
				9CEC8D8C252AB963001CBDFB /* ProductComparisonFitInfo.swift in Sources */,
				9CE7785824B3794500E4A127 /* Localization.swift in Sources */,
				9C0EBA2225BACADD00F1D746 /* VirtusizeProductImage.swift in Sources */,
				9C3DE37725BA9CC70082C140 /* VirtusizeWebViewController.swift in Sources */,
				9C106EEE24FF99390012EE51 /* String+Extensions.swift in Sources */,
				4D6C5793205FB9BA00DA910E /* Virtusize.swift in Sources */,
				9C3506312727CA42003BEF82 /* VirtusizeBundleLoader.swift in Sources */,
				9CEAB7C924D9676200F969E1 /* VirtusizeServerProduct.swift in Sources */,
				9CFF411325B98FA900B21D4E /* Observable.swift in Sources */,
				9C58751E24EF7D5000352474 /* VirtusizeView.swift in Sources */,
				9C84B3FD26C2566B00DDF434 /* VirtusizeViewEventProtocol.swift in Sources */,
				9C4378D7253444F600E8729A /* UserSessionInfo.swift in Sources */,
				9CFF40C925B5C9D500B21D4E /* VirtusizeRepository.swift in Sources */,
				9CF9666A24F41191001D3458 /* Font.swift in Sources */,
				DFFAA95E21A39AC0000F0F70 /* APIEndpoints.swift in Sources */,
				9CFF40A125B5BAD500B21D4E /* VirtusizeAPIService.swift in Sources */,
				9CBDF5D425AFEE6300E42012 /* VirtusizeAssets.swift in Sources */,
				DFFAA95C21A39A75000F0F70 /* APIEvent.swift in Sources */,
				9CF1A9AE2CB421F1005D6F86 /* VirtusizeStoreRepository.swift in Sources */,
				9CF77BA026CBC01B0019889E /* Colors.swift in Sources */,
				9C6DDE2B24DCF2270021073A /* VirtusizeProductCheckData.swift in Sources */,
				9CE6CA7D2744F6B700AAFF20 /* VirtusizeExports.swift in Sources */,
				9C1F83B92514810B0061B777 /* UserBodyProfileFixtures.swift in Sources */,
				DF71642E21A28DE8002C7202 /* VirtusizeProduct.swift in Sources */,
				9CB98B9B24B2C5B400C51F20 /* VirtusizeParams.swift in Sources */,
				9C106EB424FE41EC0012EE51 /* VirtusizeProductImageView.swift in Sources */,
				9C6DDE2E24DCF2A70021073A /* VirtusizeUserData.swift in Sources */,
			);
			runOnlyForDeploymentPostprocessing = 0;
		};
		4DED8D21205755C3001CA7DF /* Sources */ = {
			isa = PBXSourcesBuildPhase;
			buildActionMask = 2147483647;
			files = (
				9CEAB7CC24D967BA00F969E1 /* VirtusizeServerProductTests.swift in Sources */,
				9C633F2624937CCB009C4392 /* APIRequestTests.swift in Sources */,
				9C6DDE3324DD31530021073A /* LocalizationTests.swift in Sources */,
				9CEC8D93252AC606001CBDFB /* FindBestFitHelperTests.swift in Sources */,
				9CEAB7BB24D9425600F969E1 /* VirtusizeServerProductAdditionalInfoTests.swift in Sources */,
				9C1F83AB25147EF10061B777 /* VirtusizeUserBodyProfileTests.swift in Sources */,
				9CEAB7B624D93EC400F969E1 /* VirtusizeBrandSizingTests.swift in Sources */,
				9CEAB7C024D9582E00F969E1 /* VirtusizeServerProductMetaTests.swift in Sources */,
				9CB0390C24921FDA008CCD84 /* APIEventTests.swift in Sources */,
				9C11693E2521F683006827B9 /* VirtusizeGetSizeParamsTests.swift in Sources */,
				9C969FD324EBE0C400DD642F /* DeserializerTests.swift in Sources */,
				9C6DDE2024DB021B0021073A /* VirtusizeProductTypeTests.swift in Sources */,
				9C1BDF6226CC1F640020BDA5 /* VirtusizeAPIServiceTests.swift in Sources */,
				9C969FDC24EC1DFD00DD642F /* TestUtils.swift in Sources */,
				9CEAB7C724D95CFF00F969E1 /* VirtusizeProductSizeTests.swift in Sources */,
				9C4B9D722491EC5D0065808E /* APIEndpointsTests.swift in Sources */,
			);
			runOnlyForDeploymentPostprocessing = 0;
		};
/* End PBXSourcesBuildPhase section */

/* Begin PBXTargetDependency section */
		4DED8D28205755C3001CA7DF /* PBXTargetDependency */ = {
			isa = PBXTargetDependency;
			target = 4DED8D1B205755C3001CA7DF /* Virtusize */;
			targetProxy = 4DED8D27205755C3001CA7DF /* PBXContainerItemProxy */;
		};
/* End PBXTargetDependency section */

/* Begin XCBuildConfiguration section */
		4DED8D2E205755C3001CA7DF /* Debug */ = {
			isa = XCBuildConfiguration;
			buildSettings = {
				ALWAYS_SEARCH_USER_PATHS = NO;
				APPLICATION_EXTENSION_API_ONLY = YES;
				CLANG_ANALYZER_LOCALIZABILITY_NONLOCALIZED = YES;
				CLANG_ANALYZER_NONNULL = YES;
				CLANG_ANALYZER_NUMBER_OBJECT_CONVERSION = YES_AGGRESSIVE;
				CLANG_CXX_LANGUAGE_STANDARD = "gnu++0x";
				CLANG_CXX_LIBRARY = "libc++";
				CLANG_ENABLE_MODULES = YES;
				CLANG_ENABLE_OBJC_ARC = YES;
				CLANG_UNDEFINED_BEHAVIOR_SANITIZER_INTEGER = YES;
				CLANG_UNDEFINED_BEHAVIOR_SANITIZER_NULLABILITY = YES;
				CLANG_WARN_BLOCK_CAPTURE_AUTORELEASING = YES;
				CLANG_WARN_BOOL_CONVERSION = YES;
				CLANG_WARN_COMMA = YES;
				CLANG_WARN_CONSTANT_CONVERSION = YES;
				CLANG_WARN_DEPRECATED_OBJC_IMPLEMENTATIONS = YES;
				CLANG_WARN_DIRECT_OBJC_ISA_USAGE = YES_ERROR;
				CLANG_WARN_DOCUMENTATION_COMMENTS = YES;
				CLANG_WARN_EMPTY_BODY = YES;
				CLANG_WARN_ENUM_CONVERSION = YES;
				CLANG_WARN_INFINITE_RECURSION = YES;
				CLANG_WARN_INT_CONVERSION = YES;
				CLANG_WARN_NON_LITERAL_NULL_CONVERSION = YES;
				CLANG_WARN_OBJC_IMPLICIT_RETAIN_SELF = YES;
				CLANG_WARN_OBJC_LITERAL_CONVERSION = YES;
				CLANG_WARN_OBJC_ROOT_CLASS = YES_ERROR;
				CLANG_WARN_QUOTED_INCLUDE_IN_FRAMEWORK_HEADER = YES;
				CLANG_WARN_RANGE_LOOP_ANALYSIS = YES;
				CLANG_WARN_STRICT_PROTOTYPES = YES;
				CLANG_WARN_SUSPICIOUS_MOVE = YES;
				CLANG_WARN_UNGUARDED_AVAILABILITY = YES_AGGRESSIVE;
				CLANG_WARN_UNREACHABLE_CODE = YES;
				CLANG_WARN__DUPLICATE_METHOD_MATCH = YES;
				CODE_SIGN_IDENTITY = "iPhone Developer";
				COPY_PHASE_STRIP = NO;
				CURRENT_PROJECT_VERSION = 2.6.2;
				DEBUG_INFORMATION_FORMAT = dwarf;
				ENABLE_STRICT_OBJC_MSGSEND = YES;
				ENABLE_TESTABILITY = YES;
				ENABLE_USER_SCRIPT_SANDBOXING = YES;
				GCC_C_LANGUAGE_STANDARD = gnu99;
				GCC_DYNAMIC_NO_PIC = NO;
				GCC_NO_COMMON_BLOCKS = YES;
				GCC_OPTIMIZATION_LEVEL = 0;
				GCC_PREPROCESSOR_DEFINITIONS = (
					"DEBUG=1",
					"$(inherited)",
				);
				GCC_WARN_64_TO_32_BIT_CONVERSION = YES;
				GCC_WARN_ABOUT_RETURN_TYPE = YES_ERROR;
				GCC_WARN_UNDECLARED_SELECTOR = YES;
				GCC_WARN_UNINITIALIZED_AUTOS = YES_AGGRESSIVE;
				GCC_WARN_UNUSED_FUNCTION = YES;
				GCC_WARN_UNUSED_VARIABLE = YES;
				IPHONEOS_DEPLOYMENT_TARGET = 13.0;
				MTL_ENABLE_DEBUG_INFO = YES;
				ONLY_ACTIVE_ARCH = YES;
				SDKROOT = iphoneos;
				SWIFT_ACTIVE_COMPILATION_CONDITIONS = DEBUG;
				SWIFT_OPTIMIZATION_LEVEL = "-Onone";
				SWIFT_SWIFT3_OBJC_INFERENCE = Off;
				SWIFT_VERSION = 4.2;
				VERSIONING_SYSTEM = "apple-generic";
				VERSION_INFO_PREFIX = "";
			};
			name = Debug;
		};
		4DED8D2F205755C3001CA7DF /* Release */ = {
			isa = XCBuildConfiguration;
			buildSettings = {
				ALWAYS_SEARCH_USER_PATHS = NO;
				APPLICATION_EXTENSION_API_ONLY = YES;
				CLANG_ANALYZER_LOCALIZABILITY_NONLOCALIZED = YES;
				CLANG_ANALYZER_NONNULL = YES;
				CLANG_ANALYZER_NUMBER_OBJECT_CONVERSION = YES_AGGRESSIVE;
				CLANG_CXX_LANGUAGE_STANDARD = "gnu++0x";
				CLANG_CXX_LIBRARY = "libc++";
				CLANG_ENABLE_MODULES = YES;
				CLANG_ENABLE_OBJC_ARC = YES;
				CLANG_UNDEFINED_BEHAVIOR_SANITIZER_INTEGER = YES;
				CLANG_UNDEFINED_BEHAVIOR_SANITIZER_NULLABILITY = YES;
				CLANG_WARN_BLOCK_CAPTURE_AUTORELEASING = YES;
				CLANG_WARN_BOOL_CONVERSION = YES;
				CLANG_WARN_COMMA = YES;
				CLANG_WARN_CONSTANT_CONVERSION = YES;
				CLANG_WARN_DEPRECATED_OBJC_IMPLEMENTATIONS = YES;
				CLANG_WARN_DIRECT_OBJC_ISA_USAGE = YES_ERROR;
				CLANG_WARN_DOCUMENTATION_COMMENTS = YES;
				CLANG_WARN_EMPTY_BODY = YES;
				CLANG_WARN_ENUM_CONVERSION = YES;
				CLANG_WARN_INFINITE_RECURSION = YES;
				CLANG_WARN_INT_CONVERSION = YES;
				CLANG_WARN_NON_LITERAL_NULL_CONVERSION = YES;
				CLANG_WARN_OBJC_IMPLICIT_RETAIN_SELF = YES;
				CLANG_WARN_OBJC_LITERAL_CONVERSION = YES;
				CLANG_WARN_OBJC_ROOT_CLASS = YES_ERROR;
				CLANG_WARN_QUOTED_INCLUDE_IN_FRAMEWORK_HEADER = YES;
				CLANG_WARN_RANGE_LOOP_ANALYSIS = YES;
				CLANG_WARN_STRICT_PROTOTYPES = YES;
				CLANG_WARN_SUSPICIOUS_MOVE = YES;
				CLANG_WARN_UNGUARDED_AVAILABILITY = YES_AGGRESSIVE;
				CLANG_WARN_UNREACHABLE_CODE = YES;
				CLANG_WARN__DUPLICATE_METHOD_MATCH = YES;
				CODE_SIGN_IDENTITY = "iPhone Developer";
				COPY_PHASE_STRIP = NO;
				CURRENT_PROJECT_VERSION = 2.6.2;
				DEBUG_INFORMATION_FORMAT = "dwarf-with-dsym";
				ENABLE_NS_ASSERTIONS = NO;
				ENABLE_STRICT_OBJC_MSGSEND = YES;
				ENABLE_USER_SCRIPT_SANDBOXING = YES;
				GCC_C_LANGUAGE_STANDARD = gnu99;
				GCC_NO_COMMON_BLOCKS = YES;
				GCC_WARN_64_TO_32_BIT_CONVERSION = YES;
				GCC_WARN_ABOUT_RETURN_TYPE = YES_ERROR;
				GCC_WARN_UNDECLARED_SELECTOR = YES;
				GCC_WARN_UNINITIALIZED_AUTOS = YES_AGGRESSIVE;
				GCC_WARN_UNUSED_FUNCTION = YES;
				GCC_WARN_UNUSED_VARIABLE = YES;
				IPHONEOS_DEPLOYMENT_TARGET = 13.0;
				MTL_ENABLE_DEBUG_INFO = NO;
				SDKROOT = iphoneos;
				SWIFT_COMPILATION_MODE = wholemodule;
				SWIFT_OPTIMIZATION_LEVEL = "-O";
				SWIFT_SWIFT3_OBJC_INFERENCE = Off;
				SWIFT_VERSION = 4.2;
				VALIDATE_PRODUCT = YES;
				VERSIONING_SYSTEM = "apple-generic";
				VERSION_INFO_PREFIX = "";
			};
			name = Release;
		};
		4DED8D31205755C3001CA7DF /* Debug */ = {
			isa = XCBuildConfiguration;
			buildSettings = {
				CODE_SIGN_IDENTITY = "";
				"CODE_SIGN_IDENTITY[sdk=macosx*]" = "Apple Development";
				CURRENT_PROJECT_VERSION = 0;
				DEFINES_MODULE = YES;
				DEVELOPMENT_TEAM = "";
				DYLIB_COMPATIBILITY_VERSION = 1;
				DYLIB_CURRENT_VERSION = 1;
				DYLIB_INSTALL_NAME_BASE = "@rpath";
				ENABLE_MODULE_VERIFIER = YES;
				ENABLE_USER_SCRIPT_SANDBOXING = NO;
				FRAMEWORK_SEARCH_PATHS = (
					"$(inherited)",
					"$(PROJECT_DIR)/Virtusize/Sources",
					"$(PROJECT_DIR)/Frameworks",
				);
				INFOPLIST_FILE = "$(SRCROOT)/Virtusize/Sources/Info.plist";
				INSTALL_PATH = "$(LOCAL_LIBRARY_DIR)/Frameworks";
				IPHONEOS_DEPLOYMENT_TARGET = 13.0;
				LD_RUNPATH_SEARCH_PATHS = (
					"$(inherited)",
					"@executable_path/Frameworks",
					"@loader_path/Frameworks",
				);
				MODULE_VERIFIER_SUPPORTED_LANGUAGES = "objective-c objective-c++";
				MODULE_VERIFIER_SUPPORTED_LANGUAGE_STANDARDS = "gnu99 gnu++11";
				PRODUCT_BUNDLE_IDENTIFIER = com.virtusize.Virtusize;
				PRODUCT_NAME = "$(TARGET_NAME:c99extidentifier)";
				SKIP_INSTALL = YES;
				SWIFT_VERSION = 5.0;
				TARGETED_DEVICE_FAMILY = "1,2";
			};
			name = Debug;
		};
		4DED8D32205755C3001CA7DF /* Release */ = {
			isa = XCBuildConfiguration;
			buildSettings = {
				CODE_SIGN_IDENTITY = "";
				"CODE_SIGN_IDENTITY[sdk=macosx*]" = "Apple Development";
				CURRENT_PROJECT_VERSION = 0;
				DEFINES_MODULE = YES;
				DEVELOPMENT_TEAM = "";
				DYLIB_COMPATIBILITY_VERSION = 1;
				DYLIB_CURRENT_VERSION = 1;
				DYLIB_INSTALL_NAME_BASE = "@rpath";
				ENABLE_MODULE_VERIFIER = YES;
				ENABLE_USER_SCRIPT_SANDBOXING = NO;
				FRAMEWORK_SEARCH_PATHS = (
					"$(inherited)",
					"$(PROJECT_DIR)/Virtusize/Sources",
					"$(PROJECT_DIR)/Frameworks",
				);
				INFOPLIST_FILE = "$(SRCROOT)/Virtusize/Sources/Info.plist";
				INSTALL_PATH = "$(LOCAL_LIBRARY_DIR)/Frameworks";
				IPHONEOS_DEPLOYMENT_TARGET = 13.0;
				LD_RUNPATH_SEARCH_PATHS = (
					"$(inherited)",
					"@executable_path/Frameworks",
					"@loader_path/Frameworks",
				);
				MODULE_VERIFIER_SUPPORTED_LANGUAGES = "objective-c objective-c++";
				MODULE_VERIFIER_SUPPORTED_LANGUAGE_STANDARDS = "gnu99 gnu++11";
				PRODUCT_BUNDLE_IDENTIFIER = com.virtusize.Virtusize;
				PRODUCT_NAME = "$(TARGET_NAME:c99extidentifier)";
				SKIP_INSTALL = YES;
				SWIFT_VERSION = 5.0;
				TARGETED_DEVICE_FAMILY = "1,2";
			};
			name = Release;
		};
		4DED8D34205755C3001CA7DF /* Debug */ = {
			isa = XCBuildConfiguration;
			buildSettings = {
				ALWAYS_EMBED_SWIFT_STANDARD_LIBRARIES = YES;
				APPLICATION_EXTENSION_API_ONLY = YES;
				CODE_SIGN_IDENTITY = "Apple Development";
				"CODE_SIGN_IDENTITY[sdk=macosx*]" = "Apple Development";
				CODE_SIGN_STYLE = Automatic;
				DEVELOPMENT_TEAM = "";
				ENABLE_USER_SCRIPT_SANDBOXING = YES;
				INFOPLIST_FILE = Virtusize/Tests/Info.plist;
				IPHONEOS_DEPLOYMENT_TARGET = 13.0;
				LD_RUNPATH_SEARCH_PATHS = (
					"$(inherited)",
					"@executable_path/Frameworks",
					"@loader_path/Frameworks",
				);
				PRODUCT_BUNDLE_IDENTIFIER = com.virtusize.VirtusizeTests;
				PRODUCT_NAME = "$(TARGET_NAME)";
				PROVISIONING_PROFILE_SPECIFIER = "";
				"PROVISIONING_PROFILE_SPECIFIER[sdk=macosx*]" = "";
				SWIFT_VERSION = 5.0;
				TARGETED_DEVICE_FAMILY = "1,2";
			};
			name = Debug;
		};
		4DED8D35205755C3001CA7DF /* Release */ = {
			isa = XCBuildConfiguration;
			buildSettings = {
				ALWAYS_EMBED_SWIFT_STANDARD_LIBRARIES = YES;
				APPLICATION_EXTENSION_API_ONLY = YES;
				CODE_SIGN_STYLE = Automatic;
				DEVELOPMENT_TEAM = Z57T9D7E3B;
				ENABLE_USER_SCRIPT_SANDBOXING = YES;
				INFOPLIST_FILE = Virtusize/Tests/Info.plist;
				IPHONEOS_DEPLOYMENT_TARGET = 13.0;
				LD_RUNPATH_SEARCH_PATHS = (
					"$(inherited)",
					"@executable_path/Frameworks",
					"@loader_path/Frameworks",
				);
				PRODUCT_BUNDLE_IDENTIFIER = com.virtusize.VirtusizeTests;
				PRODUCT_NAME = "$(TARGET_NAME)";
				SWIFT_VERSION = 5.0;
				TARGETED_DEVICE_FAMILY = "1,2";
			};
			name = Release;
		};
/* End XCBuildConfiguration section */

/* Begin XCConfigurationList section */
		4DED8D16205755C3001CA7DF /* Build configuration list for PBXProject "Virtusize" */ = {
			isa = XCConfigurationList;
			buildConfigurations = (
				4DED8D2E205755C3001CA7DF /* Debug */,
				4DED8D2F205755C3001CA7DF /* Release */,
			);
			defaultConfigurationIsVisible = 0;
			defaultConfigurationName = Release;
		};
		4DED8D30205755C3001CA7DF /* Build configuration list for PBXNativeTarget "Virtusize" */ = {
			isa = XCConfigurationList;
			buildConfigurations = (
				4DED8D31205755C3001CA7DF /* Debug */,
				4DED8D32205755C3001CA7DF /* Release */,
			);
			defaultConfigurationIsVisible = 0;
			defaultConfigurationName = Release;
		};
		4DED8D33205755C3001CA7DF /* Build configuration list for PBXNativeTarget "VirtusizeTests" */ = {
			isa = XCConfigurationList;
			buildConfigurations = (
				4DED8D34205755C3001CA7DF /* Debug */,
				4DED8D35205755C3001CA7DF /* Release */,
			);
			defaultConfigurationIsVisible = 0;
			defaultConfigurationName = Release;
		};
/* End XCConfigurationList section */
	};
	rootObject = 4DED8D13205755C3001CA7DF /* Project object */;
}
