// !$*UTF8*$!
{
	archiveVersion = 1;
	classes = {
	};
	objectVersion = 54;
	objects = {

/* Begin PBXBuildFile section */
		9C4984692C817D5900D80204 /* VirtusizeCore.framework in Frameworks */ = {isa = PBXBuildFile; fileRef = 9C4984682C817D5900D80204 /* VirtusizeCore.framework */; };
		9C49846A2C817D5900D80204 /* VirtusizeCore.framework in Embed Frameworks */ = {isa = PBXBuildFile; fileRef = 9C4984682C817D5900D80204 /* VirtusizeCore.framework */; settings = {ATTRIBUTES = (CodeSignOnCopy, RemoveHeadersOnCopy, ); }; };
		9C49846C2C817D5B00D80204 /* VirtusizeAuth.xcframework in Frameworks */ = {isa = PBXBuildFile; fileRef = 9C49846B2C817D5B00D80204 /* VirtusizeAuth.xcframework */; };
		9C49846D2C817D5B00D80204 /* VirtusizeAuth.xcframework in Embed Frameworks */ = {isa = PBXBuildFile; fileRef = 9C49846B2C817D5B00D80204 /* VirtusizeAuth.xcframework */; settings = {ATTRIBUTES = (CodeSignOnCopy, RemoveHeadersOnCopy, ); }; };
		9C49846F2C817D5E00D80204 /* VirtusizeUIKit.framework in Frameworks */ = {isa = PBXBuildFile; fileRef = 9C49846E2C817D5E00D80204 /* VirtusizeUIKit.framework */; };
		9C4984702C817D5E00D80204 /* VirtusizeUIKit.framework in Embed Frameworks */ = {isa = PBXBuildFile; fileRef = 9C49846E2C817D5E00D80204 /* VirtusizeUIKit.framework */; settings = {ATTRIBUTES = (CodeSignOnCopy, RemoveHeadersOnCopy, ); }; };
		9C892C7825BEA00000B22E92 /* AppDelegate.swift in Sources */ = {isa = PBXBuildFile; fileRef = 9C892C7725BEA00000B22E92 /* AppDelegate.swift */; };
		9C892C7A25BEA00000B22E92 /* SceneDelegate.swift in Sources */ = {isa = PBXBuildFile; fileRef = 9C892C7925BEA00000B22E92 /* SceneDelegate.swift */; };
		9C892C7C25BEA00000B22E92 /* ContentView.swift in Sources */ = {isa = PBXBuildFile; fileRef = 9C892C7B25BEA00000B22E92 /* ContentView.swift */; };
		9C892C7E25BEA00200B22E92 /* Assets.xcassets in Resources */ = {isa = PBXBuildFile; fileRef = 9C892C7D25BEA00200B22E92 /* Assets.xcassets */; };
		9C892C8125BEA00200B22E92 /* Preview Assets.xcassets in Resources */ = {isa = PBXBuildFile; fileRef = 9C892C8025BEA00200B22E92 /* Preview Assets.xcassets */; };
		9C892C8425BEA00200B22E92 /* LaunchScreen.storyboard in Resources */ = {isa = PBXBuildFile; fileRef = 9C892C8225BEA00200B22E92 /* LaunchScreen.storyboard */; };
		9C892C9725BEA08500B22E92 /* Virtusize.framework in Frameworks */ = {isa = PBXBuildFile; fileRef = 9C892C9625BEA08500B22E92 /* Virtusize.framework */; };
		9C892C9825BEA08500B22E92 /* Virtusize.framework in Embed Frameworks */ = {isa = PBXBuildFile; fileRef = 9C892C9625BEA08500B22E92 /* Virtusize.framework */; settings = {ATTRIBUTES = (CodeSignOnCopy, RemoveHeadersOnCopy, ); }; };
/* End PBXBuildFile section */

/* Begin PBXCopyFilesBuildPhase section */
		9C892C9925BEA08500B22E92 /* Embed Frameworks */ = {
			isa = PBXCopyFilesBuildPhase;
			buildActionMask = 2147483647;
			dstPath = "";
			dstSubfolderSpec = 10;
			files = (
				9C892C9825BEA08500B22E92 /* Virtusize.framework in Embed Frameworks */,
				9C49846A2C817D5900D80204 /* VirtusizeCore.framework in Embed Frameworks */,
				9C49846D2C817D5B00D80204 /* VirtusizeAuth.xcframework in Embed Frameworks */,
				9C4984702C817D5E00D80204 /* VirtusizeUIKit.framework in Embed Frameworks */,
			);
			name = "Embed Frameworks";
			runOnlyForDeploymentPostprocessing = 0;
		};
/* End PBXCopyFilesBuildPhase section */

/* Begin PBXFileReference section */
		9C4984682C817D5900D80204 /* VirtusizeCore.framework */ = {isa = PBXFileReference; explicitFileType = wrapper.framework; path = VirtusizeCore.framework; sourceTree = BUILT_PRODUCTS_DIR; };
		9C49846B2C817D5B00D80204 /* VirtusizeAuth.xcframework */ = {isa = PBXFileReference; lastKnownFileType = wrapper.xcframework; name = VirtusizeAuth.xcframework; path = /Users/kuei/Desktop/Programs/iOS/integration_ios/Example/../Frameworks/VirtusizeAuth.xcframework; sourceTree = "<absolute>"; };
		9C49846E2C817D5E00D80204 /* VirtusizeUIKit.framework */ = {isa = PBXFileReference; explicitFileType = wrapper.framework; path = VirtusizeUIKit.framework; sourceTree = BUILT_PRODUCTS_DIR; };
		9C892C7425BEA00000B22E92 /* SwiftUIExample.app */ = {isa = PBXFileReference; explicitFileType = wrapper.application; includeInIndex = 0; path = SwiftUIExample.app; sourceTree = BUILT_PRODUCTS_DIR; };
		9C892C7725BEA00000B22E92 /* AppDelegate.swift */ = {isa = PBXFileReference; lastKnownFileType = sourcecode.swift; path = AppDelegate.swift; sourceTree = "<group>"; };
		9C892C7925BEA00000B22E92 /* SceneDelegate.swift */ = {isa = PBXFileReference; lastKnownFileType = sourcecode.swift; path = SceneDelegate.swift; sourceTree = "<group>"; };
		9C892C7B25BEA00000B22E92 /* ContentView.swift */ = {isa = PBXFileReference; lastKnownFileType = sourcecode.swift; path = ContentView.swift; sourceTree = "<group>"; };
		9C892C7D25BEA00200B22E92 /* Assets.xcassets */ = {isa = PBXFileReference; lastKnownFileType = folder.assetcatalog; path = Assets.xcassets; sourceTree = "<group>"; };
		9C892C8025BEA00200B22E92 /* Preview Assets.xcassets */ = {isa = PBXFileReference; lastKnownFileType = folder.assetcatalog; path = "Preview Assets.xcassets"; sourceTree = "<group>"; };
		9C892C8325BEA00200B22E92 /* Base */ = {isa = PBXFileReference; lastKnownFileType = file.storyboard; name = Base; path = Base.lproj/LaunchScreen.storyboard; sourceTree = "<group>"; };
		9C892C9625BEA08500B22E92 /* Virtusize.framework */ = {isa = PBXFileReference; explicitFileType = wrapper.framework; path = Virtusize.framework; sourceTree = BUILT_PRODUCTS_DIR; };
		9C9797D525BEC6B200E4F55D /* Info.plist */ = {isa = PBXFileReference; fileEncoding = 4; lastKnownFileType = text.plist.xml; path = Info.plist; sourceTree = "<group>"; };
/* End PBXFileReference section */

/* Begin PBXFrameworksBuildPhase section */
		9C892C7125BEA00000B22E92 /* Frameworks */ = {
			isa = PBXFrameworksBuildPhase;
			buildActionMask = 2147483647;
			files = (
				9C892C9725BEA08500B22E92 /* Virtusize.framework in Frameworks */,
				9C4984692C817D5900D80204 /* VirtusizeCore.framework in Frameworks */,
				9C49846C2C817D5B00D80204 /* VirtusizeAuth.xcframework in Frameworks */,
				9C49846F2C817D5E00D80204 /* VirtusizeUIKit.framework in Frameworks */,
			);
			runOnlyForDeploymentPostprocessing = 0;
		};
/* End PBXFrameworksBuildPhase section */

/* Begin PBXGroup section */
		9C892C6B25BEA00000B22E92 = {
			isa = PBXGroup;
			children = (
				9C892C7625BEA00000B22E92 /* Sources */,
				9C892C7525BEA00000B22E92 /* Products */,
				9C892C9525BEA08500B22E92 /* Frameworks */,
			);
			sourceTree = "<group>";
		};
		9C892C7525BEA00000B22E92 /* Products */ = {
			isa = PBXGroup;
			children = (
				9C892C7425BEA00000B22E92 /* SwiftUIExample.app */,
			);
			name = Products;
			sourceTree = "<group>";
		};
		9C892C7625BEA00000B22E92 /* Sources */ = {
			isa = PBXGroup;
			children = (
				9C892C7725BEA00000B22E92 /* AppDelegate.swift */,
				9C892C7925BEA00000B22E92 /* SceneDelegate.swift */,
				9C892C7B25BEA00000B22E92 /* ContentView.swift */,
				9C892C8225BEA00200B22E92 /* LaunchScreen.storyboard */,
				9C9797CD25BEC39B00E4F55D /* Supporting Files */,
				9C892C7F25BEA00200B22E92 /* Preview Content */,
			);
			path = Sources;
			sourceTree = "<group>";
		};
		9C892C7F25BEA00200B22E92 /* Preview Content */ = {
			isa = PBXGroup;
			children = (
				9C892C8025BEA00200B22E92 /* Preview Assets.xcassets */,
			);
			path = "Preview Content";
			sourceTree = "<group>";
		};
		9C892C9525BEA08500B22E92 /* Frameworks */ = {
			isa = PBXGroup;
			children = (
				9C49846E2C817D5E00D80204 /* VirtusizeUIKit.framework */,
				9C49846B2C817D5B00D80204 /* VirtusizeAuth.xcframework */,
				9C4984682C817D5900D80204 /* VirtusizeCore.framework */,
				9C892C9625BEA08500B22E92 /* Virtusize.framework */,
			);
			name = Frameworks;
			sourceTree = "<group>";
		};
		9C9797CD25BEC39B00E4F55D /* Supporting Files */ = {
			isa = PBXGroup;
			children = (
				9C9797D525BEC6B200E4F55D /* Info.plist */,
				9C892C7D25BEA00200B22E92 /* Assets.xcassets */,
			);
			path = "Supporting Files";
			sourceTree = "<group>";
		};
/* End PBXGroup section */

/* Begin PBXNativeTarget section */
		9C892C7325BEA00000B22E92 /* SwiftUIExample */ = {
			isa = PBXNativeTarget;
			buildConfigurationList = 9C892C8825BEA00200B22E92 /* Build configuration list for PBXNativeTarget "SwiftUIExample" */;
			buildPhases = (
				9C892C7025BEA00000B22E92 /* Sources */,
				9C892C7125BEA00000B22E92 /* Frameworks */,
				9C892C7225BEA00000B22E92 /* Resources */,
				9C892C9925BEA08500B22E92 /* Embed Frameworks */,
			);
			buildRules = (
			);
			dependencies = (
			);
			name = SwiftUIExample;
			productName = SwiftUIExample;
			productReference = 9C892C7425BEA00000B22E92 /* SwiftUIExample.app */;
			productType = "com.apple.product-type.application";
		};
/* End PBXNativeTarget section */

/* Begin PBXProject section */
		9C892C6C25BEA00000B22E92 /* Project object */ = {
			isa = PBXProject;
			attributes = {
				LastSwiftUpdateCheck = 1230;
				LastUpgradeCheck = 1230;
				TargetAttributes = {
					9C892C7325BEA00000B22E92 = {
						CreatedOnToolsVersion = 12.3;
					};
				};
			};
			buildConfigurationList = 9C892C6F25BEA00000B22E92 /* Build configuration list for PBXProject "SwiftUIExample" */;
			compatibilityVersion = "Xcode 9.3";
			developmentRegion = en;
			hasScannedForEncodings = 0;
			knownRegions = (
				en,
				Base,
			);
			mainGroup = 9C892C6B25BEA00000B22E92;
			productRefGroup = 9C892C7525BEA00000B22E92 /* Products */;
			projectDirPath = "";
			projectRoot = "";
			targets = (
				9C892C7325BEA00000B22E92 /* SwiftUIExample */,
			);
		};
/* End PBXProject section */

/* Begin PBXResourcesBuildPhase section */
		9C892C7225BEA00000B22E92 /* Resources */ = {
			isa = PBXResourcesBuildPhase;
			buildActionMask = 2147483647;
			files = (
				9C892C8425BEA00200B22E92 /* LaunchScreen.storyboard in Resources */,
				9C892C8125BEA00200B22E92 /* Preview Assets.xcassets in Resources */,
				9C892C7E25BEA00200B22E92 /* Assets.xcassets in Resources */,
			);
			runOnlyForDeploymentPostprocessing = 0;
		};
/* End PBXResourcesBuildPhase section */

/* Begin PBXSourcesBuildPhase section */
		9C892C7025BEA00000B22E92 /* Sources */ = {
			isa = PBXSourcesBuildPhase;
			buildActionMask = 2147483647;
			files = (
				9C892C7825BEA00000B22E92 /* AppDelegate.swift in Sources */,
				9C892C7A25BEA00000B22E92 /* SceneDelegate.swift in Sources */,
				9C892C7C25BEA00000B22E92 /* ContentView.swift in Sources */,
			);
			runOnlyForDeploymentPostprocessing = 0;
		};
/* End PBXSourcesBuildPhase section */

/* Begin PBXVariantGroup section */
		9C892C8225BEA00200B22E92 /* LaunchScreen.storyboard */ = {
			isa = PBXVariantGroup;
			children = (
				9C892C8325BEA00200B22E92 /* Base */,
			);
			name = LaunchScreen.storyboard;
			sourceTree = "<group>";
		};
/* End PBXVariantGroup section */

/* Begin XCBuildConfiguration section */
		9C892C8625BEA00200B22E92 /* Debug */ = {
			isa = XCBuildConfiguration;
			buildSettings = {
				ALWAYS_SEARCH_USER_PATHS = NO;
				CLANG_ANALYZER_NONNULL = YES;
				CLANG_ANALYZER_NUMBER_OBJECT_CONVERSION = YES_AGGRESSIVE;
				CLANG_CXX_LANGUAGE_STANDARD = "gnu++14";
				CLANG_CXX_LIBRARY = "libc++";
				CLANG_ENABLE_MODULES = YES;
				CLANG_ENABLE_OBJC_ARC = YES;
				CLANG_ENABLE_OBJC_WEAK = YES;
				CLANG_WARN_BLOCK_CAPTURE_AUTORELEASING = YES;
				CLANG_WARN_BOOL_CONVERSION = YES;
				CLANG_WARN_COMMA = YES;
				CLANG_WARN_CONSTANT_CONVERSION = YES;
				CLANG_WARN_DEPRECATED_OBJC_IMPLEMENTATIONS = YES;
				CLANG_WARN_DIRECT_OBJC_ISA_USAGE = YES_ERROR;
				CLANG_WARN_DOCUMENTATION_COMMENTS = YES;
				CLANG_WARN_EMPTY_BODY = YES;
				CLANG_WARN_ENUM_CONVERSION = YES;
				CLANG_WARN_INFINITE_RECURSION = YES;
				CLANG_WARN_INT_CONVERSION = YES;
				CLANG_WARN_NON_LITERAL_NULL_CONVERSION = YES;
				CLANG_WARN_OBJC_IMPLICIT_RETAIN_SELF = YES;
				CLANG_WARN_OBJC_LITERAL_CONVERSION = YES;
				CLANG_WARN_OBJC_ROOT_CLASS = YES_ERROR;
				CLANG_WARN_QUOTED_INCLUDE_IN_FRAMEWORK_HEADER = YES;
				CLANG_WARN_RANGE_LOOP_ANALYSIS = YES;
				CLANG_WARN_STRICT_PROTOTYPES = YES;
				CLANG_WARN_SUSPICIOUS_MOVE = YES;
				CLANG_WARN_UNGUARDED_AVAILABILITY = YES_AGGRESSIVE;
				CLANG_WARN_UNREACHABLE_CODE = YES;
				CLANG_WARN__DUPLICATE_METHOD_MATCH = YES;
				COPY_PHASE_STRIP = NO;
				DEBUG_INFORMATION_FORMAT = dwarf;
				ENABLE_STRICT_OBJC_MSGSEND = YES;
				ENABLE_TESTABILITY = YES;
				GCC_C_LANGUAGE_STANDARD = gnu11;
				GCC_DYNAMIC_NO_PIC = NO;
				GCC_NO_COMMON_BLOCKS = YES;
				GCC_OPTIMIZATION_LEVEL = 0;
				GCC_PREPROCESSOR_DEFINITIONS = (
					"DEBUG=1",
					"$(inherited)",
				);
				GCC_WARN_64_TO_32_BIT_CONVERSION = YES;
				GCC_WARN_ABOUT_RETURN_TYPE = YES_ERROR;
				GCC_WARN_UNDECLARED_SELECTOR = YES;
				GCC_WARN_UNINITIALIZED_AUTOS = YES_AGGRESSIVE;
				GCC_WARN_UNUSED_FUNCTION = YES;
				GCC_WARN_UNUSED_VARIABLE = YES;
				IPHONEOS_DEPLOYMENT_TARGET = 13.0;
				MTL_ENABLE_DEBUG_INFO = INCLUDE_SOURCE;
				MTL_FAST_MATH = YES;
				ONLY_ACTIVE_ARCH = YES;
				SDKROOT = iphoneos;
				SWIFT_ACTIVE_COMPILATION_CONDITIONS = DEBUG;
				SWIFT_OPTIMIZATION_LEVEL = "-Onone";
			};
			name = Debug;
		};
		9C892C8725BEA00200B22E92 /* Release */ = {
			isa = XCBuildConfiguration;
			buildSettings = {
				ALWAYS_SEARCH_USER_PATHS = NO;
				CLANG_ANALYZER_NONNULL = YES;
				CLANG_ANALYZER_NUMBER_OBJECT_CONVERSION = YES_AGGRESSIVE;
				CLANG_CXX_LANGUAGE_STANDARD = "gnu++14";
				CLANG_CXX_LIBRARY = "libc++";
				CLANG_ENABLE_MODULES = YES;
				CLANG_ENABLE_OBJC_ARC = YES;
				CLANG_ENABLE_OBJC_WEAK = YES;
				CLANG_WARN_BLOCK_CAPTURE_AUTORELEASING = YES;
				CLANG_WARN_BOOL_CONVERSION = YES;
				CLANG_WARN_COMMA = YES;
				CLANG_WARN_CONSTANT_CONVERSION = YES;
				CLANG_WARN_DEPRECATED_OBJC_IMPLEMENTATIONS = YES;
				CLANG_WARN_DIRECT_OBJC_ISA_USAGE = YES_ERROR;
				CLANG_WARN_DOCUMENTATION_COMMENTS = YES;
				CLANG_WARN_EMPTY_BODY = YES;
				CLANG_WARN_ENUM_CONVERSION = YES;
				CLANG_WARN_INFINITE_RECURSION = YES;
				CLANG_WARN_INT_CONVERSION = YES;
				CLANG_WARN_NON_LITERAL_NULL_CONVERSION = YES;
				CLANG_WARN_OBJC_IMPLICIT_RETAIN_SELF = YES;
				CLANG_WARN_OBJC_LITERAL_CONVERSION = YES;
				CLANG_WARN_OBJC_ROOT_CLASS = YES_ERROR;
				CLANG_WARN_QUOTED_INCLUDE_IN_FRAMEWORK_HEADER = YES;
				CLANG_WARN_RANGE_LOOP_ANALYSIS = YES;
				CLANG_WARN_STRICT_PROTOTYPES = YES;
				CLANG_WARN_SUSPICIOUS_MOVE = YES;
				CLANG_WARN_UNGUARDED_AVAILABILITY = YES_AGGRESSIVE;
				CLANG_WARN_UNREACHABLE_CODE = YES;
				CLANG_WARN__DUPLICATE_METHOD_MATCH = YES;
				COPY_PHASE_STRIP = NO;
				DEBUG_INFORMATION_FORMAT = "dwarf-with-dsym";
				ENABLE_NS_ASSERTIONS = NO;
				ENABLE_STRICT_OBJC_MSGSEND = YES;
				GCC_C_LANGUAGE_STANDARD = gnu11;
				GCC_NO_COMMON_BLOCKS = YES;
				GCC_WARN_64_TO_32_BIT_CONVERSION = YES;
				GCC_WARN_ABOUT_RETURN_TYPE = YES_ERROR;
				GCC_WARN_UNDECLARED_SELECTOR = YES;
				GCC_WARN_UNINITIALIZED_AUTOS = YES_AGGRESSIVE;
				GCC_WARN_UNUSED_FUNCTION = YES;
				GCC_WARN_UNUSED_VARIABLE = YES;
				IPHONEOS_DEPLOYMENT_TARGET = 13.0;
				MTL_ENABLE_DEBUG_INFO = NO;
				MTL_FAST_MATH = YES;
				SDKROOT = iphoneos;
				SWIFT_COMPILATION_MODE = wholemodule;
				SWIFT_OPTIMIZATION_LEVEL = "-O";
				VALIDATE_PRODUCT = YES;
			};
			name = Release;
		};
		9C892C8925BEA00200B22E92 /* Debug */ = {
			isa = XCBuildConfiguration;
			buildSettings = {
				ASSETCATALOG_COMPILER_APPICON_NAME = AppIcon;
				ASSETCATALOG_COMPILER_GLOBAL_ACCENT_COLOR_NAME = AccentColor;
				CODE_SIGN_STYLE = Automatic;
				DEVELOPMENT_ASSET_PATHS = "\"Sources/Preview Content\"";
				DEVELOPMENT_TEAM = "";
				ENABLE_PREVIEWS = YES;
				INFOPLIST_FILE = "Sources/Supporting Files/Info.plist";
				IPHONEOS_DEPLOYMENT_TARGET = 13.0;
				LD_RUNPATH_SEARCH_PATHS = (
					"$(inherited)",
					"@executable_path/Frameworks",
				);
				PRODUCT_BUNDLE_IDENTIFIER = com.virtusize.SwiftUIExample;
				PRODUCT_NAME = "$(TARGET_NAME)";
				SWIFT_VERSION = 5.0;
				TARGETED_DEVICE_FAMILY = "1,2";
			};
			name = Debug;
		};
		9C892C8A25BEA00200B22E92 /* Release */ = {
			isa = XCBuildConfiguration;
			buildSettings = {
				ASSETCATALOG_COMPILER_APPICON_NAME = AppIcon;
				ASSETCATALOG_COMPILER_GLOBAL_ACCENT_COLOR_NAME = AccentColor;
				CODE_SIGN_STYLE = Automatic;
				DEVELOPMENT_ASSET_PATHS = "\"Sources/Preview Content\"";
				DEVELOPMENT_TEAM = "";
				ENABLE_PREVIEWS = YES;
				INFOPLIST_FILE = "Sources/Supporting Files/Info.plist";
				IPHONEOS_DEPLOYMENT_TARGET = 13.0;
				LD_RUNPATH_SEARCH_PATHS = (
					"$(inherited)",
					"@executable_path/Frameworks",
				);
				PRODUCT_BUNDLE_IDENTIFIER = com.virtusize.SwiftUIExample;
				PRODUCT_NAME = "$(TARGET_NAME)";
				SWIFT_VERSION = 5.0;
				TARGETED_DEVICE_FAMILY = "1,2";
			};
			name = Release;
		};
/* End XCBuildConfiguration section */

/* Begin XCConfigurationList section */
		9C892C6F25BEA00000B22E92 /* Build configuration list for PBXProject "SwiftUIExample" */ = {
			isa = XCConfigurationList;
			buildConfigurations = (
				9C892C8625BEA00200B22E92 /* Debug */,
				9C892C8725BEA00200B22E92 /* Release */,
			);
			defaultConfigurationIsVisible = 0;
			defaultConfigurationName = Release;
		};
		9C892C8825BEA00200B22E92 /* Build configuration list for PBXNativeTarget "SwiftUIExample" */ = {
			isa = XCConfigurationList;
			buildConfigurations = (
				9C892C8925BEA00200B22E92 /* Debug */,
				9C892C8A25BEA00200B22E92 /* Release */,
			);
			defaultConfigurationIsVisible = 0;
			defaultConfigurationName = Release;
		};
/* End XCConfigurationList section */
	};
	rootObject = 9C892C6C25BEA00000B22E92 /* Project object */;
}
